// !$*UTF8*$!
{
	archiveVersion = 1;
	classes = {
	};
	objectVersion = 56;
	objects = {

/* Begin PBXBuildFile section */
		782BD61F2BD161AC00FE9D41 /* AppDelegate.swift in Sources */ = {isa = PBXBuildFile; fileRef = 782BD61E2BD161AC00FE9D41 /* AppDelegate.swift */; };
		782BD6282BD161AD00FE9D41 /* Assets.xcassets in Resources */ = {isa = PBXBuildFile; fileRef = 782BD6272BD161AD00FE9D41 /* Assets.xcassets */; };
		782BD62B2BD161AD00FE9D41 /* LaunchScreen.storyboard in Resources */ = {isa = PBXBuildFile; fileRef = 782BD6292BD161AD00FE9D41 /* LaunchScreen.storyboard */; };
		782BD6342BD1622C00FE9D41 /* ViewController.swift in Sources */ = {isa = PBXBuildFile; fileRef = 782BD6322BD1622C00FE9D41 /* ViewController.swift */; };
		782BD6352BD1622C00FE9D41 /* ViewController.xib in Resources */ = {isa = PBXBuildFile; fileRef = 782BD6332BD1622C00FE9D41 /* ViewController.xib */; };
		7830BDB72BD2705A00AEC5C4 /* RxBlocking in Frameworks */ = {isa = PBXBuildFile; productRef = 7830BDB62BD2705A00AEC5C4 /* RxBlocking */; };
		7830BDB92BD2705A00AEC5C4 /* RxBlocking-Dynamic in Frameworks */ = {isa = PBXBuildFile; productRef = 7830BDB82BD2705A00AEC5C4 /* RxBlocking-Dynamic */; };
		7830BDBB2BD2705A00AEC5C4 /* RxCocoa in Frameworks */ = {isa = PBXBuildFile; productRef = 7830BDBA2BD2705A00AEC5C4 /* RxCocoa */; };
		7830BDBD2BD2705A00AEC5C4 /* RxCocoa-Dynamic in Frameworks */ = {isa = PBXBuildFile; productRef = 7830BDBC2BD2705A00AEC5C4 /* RxCocoa-Dynamic */; };
		7830BDBF2BD2705A00AEC5C4 /* RxRelay in Frameworks */ = {isa = PBXBuildFile; productRef = 7830BDBE2BD2705A00AEC5C4 /* RxRelay */; };
		7830BDC22BD270B800AEC5C4 /* Alamofire in Frameworks */ = {isa = PBXBuildFile; productRef = 7830BDC12BD270B800AEC5C4 /* Alamofire */; };
		7830BDC42BD270B800AEC5C4 /* AlamofireDynamic in Frameworks */ = {isa = PBXBuildFile; productRef = 7830BDC32BD270B800AEC5C4 /* AlamofireDynamic */; };
		7830BDC82BD271B000AEC5C4 /* JokeModel.swift in Sources */ = {isa = PBXBuildFile; fileRef = 7830BDC72BD271B000AEC5C4 /* JokeModel.swift */; };
		7830BDCB2BD2723200AEC5C4 /* NetworkClient.swift in Sources */ = {isa = PBXBuildFile; fileRef = 7830BDCA2BD2723200AEC5C4 /* NetworkClient.swift */; };
		7830BDCD2BD2723E00AEC5C4 /* DefaultNetworkClient.swift in Sources */ = {isa = PBXBuildFile; fileRef = 7830BDCC2BD2723E00AEC5C4 /* DefaultNetworkClient.swift */; };
		7830BDD02BD272B300AEC5C4 /* ContentRepository.swift in Sources */ = {isa = PBXBuildFile; fileRef = 7830BDCF2BD272B300AEC5C4 /* ContentRepository.swift */; };
		7830BDD22BD272C200AEC5C4 /* DefaultContentRepository.swift in Sources */ = {isa = PBXBuildFile; fileRef = 7830BDD12BD272C200AEC5C4 /* DefaultContentRepository.swift */; };
		7830BDD42BD2735E00AEC5C4 /* JokeListViewModel.swift in Sources */ = {isa = PBXBuildFile; fileRef = 7830BDD32BD2735E00AEC5C4 /* JokeListViewModel.swift */; };
		7830BDD72BD275DB00AEC5C4 /* JokeListViewController.swift in Sources */ = {isa = PBXBuildFile; fileRef = 7830BDD52BD275DB00AEC5C4 /* JokeListViewController.swift */; };
		7830BDD82BD275DB00AEC5C4 /* JokeListViewController.xib in Resources */ = {isa = PBXBuildFile; fileRef = 7830BDD62BD275DB00AEC5C4 /* JokeListViewController.xib */; };
		7830BDDB2BD2798100AEC5C4 /* JokeListItemCell.swift in Sources */ = {isa = PBXBuildFile; fileRef = 7830BDD92BD2798100AEC5C4 /* JokeListItemCell.swift */; };
		7830BDDC2BD2798100AEC5C4 /* JokeListItemCell.xib in Resources */ = {isa = PBXBuildFile; fileRef = 7830BDDA2BD2798100AEC5C4 /* JokeListItemCell.xib */; };
		7830BDDF2BD2800100AEC5C4 /* CGFloatExtension.swift in Sources */ = {isa = PBXBuildFile; fileRef = 7830BDDE2BD2800100AEC5C4 /* CGFloatExtension.swift */; };
		7830BDE12BD2830200AEC5C4 /* CollectionExtension.swift in Sources */ = {isa = PBXBuildFile; fileRef = 7830BDE02BD2830200AEC5C4 /* CollectionExtension.swift */; };
		78383EC32BD3EA30003024A8 /* JokeDetailViewModel.swift in Sources */ = {isa = PBXBuildFile; fileRef = 78383EC22BD3EA30003024A8 /* JokeDetailViewModel.swift */; };
		78383EC62BD3EB5A003024A8 /* JokeDetailViewController.swift in Sources */ = {isa = PBXBuildFile; fileRef = 78383EC42BD3EB5A003024A8 /* JokeDetailViewController.swift */; };
		78383EC72BD3EB5A003024A8 /* JokeDetailViewController.xib in Resources */ = {isa = PBXBuildFile; fileRef = 78383EC52BD3EB5A003024A8 /* JokeDetailViewController.xib */; };
		78383ECD2BD40043003024A8 /* UIViewControllerExtension.swift in Sources */ = {isa = PBXBuildFile; fileRef = 78383ECC2BD40043003024A8 /* UIViewControllerExtension.swift */; };
		78383ECF2BD401A1003024A8 /* JokeListCoordinator.swift in Sources */ = {isa = PBXBuildFile; fileRef = 78383ECE2BD401A1003024A8 /* JokeListCoordinator.swift */; };
		78383ED12BD40254003024A8 /* AppCoordinator.swift in Sources */ = {isa = PBXBuildFile; fileRef = 78383ED02BD40254003024A8 /* AppCoordinator.swift */; };
		78383ED32BD403EC003024A8 /* JokeDetailCoordinator.swift in Sources */ = {isa = PBXBuildFile; fileRef = 78383ED22BD403EB003024A8 /* JokeDetailCoordinator.swift */; };
		78383ED62BD40C38003024A8 /* Swinject in Frameworks */ = {isa = PBXBuildFile; productRef = 78383ED52BD40C38003024A8 /* Swinject */; };
		78383ED82BD40C38003024A8 /* Swinject-Dynamic in Frameworks */ = {isa = PBXBuildFile; productRef = 78383ED72BD40C38003024A8 /* Swinject-Dynamic */; };
		78383EDB2BD40C4B003024A8 /* DependencyContainer.swift in Sources */ = {isa = PBXBuildFile; fileRef = 78383EDA2BD40C4B003024A8 /* DependencyContainer.swift */; };
		78383EE12BD40EC6003024A8 /* UICollectionViewExtension.swift in Sources */ = {isa = PBXBuildFile; fileRef = 78383EE02BD40EC6003024A8 /* UICollectionViewExtension.swift */; };
		78383EE32BD40ED3003024A8 /* NSObjectExtension.swift in Sources */ = {isa = PBXBuildFile; fileRef = 78383EE22BD40ED3003024A8 /* NSObjectExtension.swift */; };
/* End PBXBuildFile section */

/* Begin PBXFileReference section */
		782BD61B2BD161AC00FE9D41 /* simple-mvvmc-rx-api.app */ = {isa = PBXFileReference; explicitFileType = wrapper.application; includeInIndex = 0; path = "simple-mvvmc-rx-api.app"; sourceTree = BUILT_PRODUCTS_DIR; };
		782BD61E2BD161AC00FE9D41 /* AppDelegate.swift */ = {isa = PBXFileReference; lastKnownFileType = sourcecode.swift; path = AppDelegate.swift; sourceTree = "<group>"; };
		782BD6272BD161AD00FE9D41 /* Assets.xcassets */ = {isa = PBXFileReference; lastKnownFileType = folder.assetcatalog; path = Assets.xcassets; sourceTree = "<group>"; };
		782BD62A2BD161AD00FE9D41 /* Base */ = {isa = PBXFileReference; lastKnownFileType = file.storyboard; name = Base; path = Base.lproj/LaunchScreen.storyboard; sourceTree = "<group>"; };
		782BD62C2BD161AD00FE9D41 /* Info.plist */ = {isa = PBXFileReference; lastKnownFileType = text.plist.xml; path = Info.plist; sourceTree = "<group>"; };
		782BD6322BD1622C00FE9D41 /* ViewController.swift */ = {isa = PBXFileReference; lastKnownFileType = sourcecode.swift; path = ViewController.swift; sourceTree = "<group>"; };
		782BD6332BD1622C00FE9D41 /* ViewController.xib */ = {isa = PBXFileReference; lastKnownFileType = file.xib; path = ViewController.xib; sourceTree = "<group>"; };
		7830BDC72BD271B000AEC5C4 /* JokeModel.swift */ = {isa = PBXFileReference; lastKnownFileType = sourcecode.swift; path = JokeModel.swift; sourceTree = "<group>"; };
		7830BDCA2BD2723200AEC5C4 /* NetworkClient.swift */ = {isa = PBXFileReference; lastKnownFileType = sourcecode.swift; path = NetworkClient.swift; sourceTree = "<group>"; };
		7830BDCC2BD2723E00AEC5C4 /* DefaultNetworkClient.swift */ = {isa = PBXFileReference; lastKnownFileType = sourcecode.swift; path = DefaultNetworkClient.swift; sourceTree = "<group>"; };
		7830BDCF2BD272B300AEC5C4 /* ContentRepository.swift */ = {isa = PBXFileReference; lastKnownFileType = sourcecode.swift; path = ContentRepository.swift; sourceTree = "<group>"; };
		7830BDD12BD272C200AEC5C4 /* DefaultContentRepository.swift */ = {isa = PBXFileReference; lastKnownFileType = sourcecode.swift; path = DefaultContentRepository.swift; sourceTree = "<group>"; };
		7830BDD32BD2735E00AEC5C4 /* JokeListViewModel.swift */ = {isa = PBXFileReference; lastKnownFileType = sourcecode.swift; path = JokeListViewModel.swift; sourceTree = "<group>"; };
		7830BDD52BD275DB00AEC5C4 /* JokeListViewController.swift */ = {isa = PBXFileReference; lastKnownFileType = sourcecode.swift; path = JokeListViewController.swift; sourceTree = "<group>"; };
		7830BDD62BD275DB00AEC5C4 /* JokeListViewController.xib */ = {isa = PBXFileReference; lastKnownFileType = file.xib; path = JokeListViewController.xib; sourceTree = "<group>"; };
		7830BDD92BD2798100AEC5C4 /* JokeListItemCell.swift */ = {isa = PBXFileReference; lastKnownFileType = sourcecode.swift; path = JokeListItemCell.swift; sourceTree = "<group>"; };
		7830BDDA2BD2798100AEC5C4 /* JokeListItemCell.xib */ = {isa = PBXFileReference; lastKnownFileType = file.xib; path = JokeListItemCell.xib; sourceTree = "<group>"; };
		7830BDDE2BD2800100AEC5C4 /* CGFloatExtension.swift */ = {isa = PBXFileReference; lastKnownFileType = sourcecode.swift; path = CGFloatExtension.swift; sourceTree = "<group>"; };
		7830BDE02BD2830200AEC5C4 /* CollectionExtension.swift */ = {isa = PBXFileReference; lastKnownFileType = sourcecode.swift; path = CollectionExtension.swift; sourceTree = "<group>"; };
		78383EC22BD3EA30003024A8 /* JokeDetailViewModel.swift */ = {isa = PBXFileReference; lastKnownFileType = sourcecode.swift; path = JokeDetailViewModel.swift; sourceTree = "<group>"; };
		78383EC42BD3EB5A003024A8 /* JokeDetailViewController.swift */ = {isa = PBXFileReference; lastKnownFileType = sourcecode.swift; path = JokeDetailViewController.swift; sourceTree = "<group>"; };
		78383EC52BD3EB5A003024A8 /* JokeDetailViewController.xib */ = {isa = PBXFileReference; lastKnownFileType = file.xib; path = JokeDetailViewController.xib; sourceTree = "<group>"; };
		78383ECC2BD40043003024A8 /* UIViewControllerExtension.swift */ = {isa = PBXFileReference; lastKnownFileType = sourcecode.swift; path = UIViewControllerExtension.swift; sourceTree = "<group>"; };
		78383ECE2BD401A1003024A8 /* JokeListCoordinator.swift */ = {isa = PBXFileReference; lastKnownFileType = sourcecode.swift; path = JokeListCoordinator.swift; sourceTree = "<group>"; };
		78383ED02BD40254003024A8 /* AppCoordinator.swift */ = {isa = PBXFileReference; lastKnownFileType = sourcecode.swift; path = AppCoordinator.swift; sourceTree = "<group>"; };
		78383ED22BD403EB003024A8 /* JokeDetailCoordinator.swift */ = {isa = PBXFileReference; lastKnownFileType = sourcecode.swift; path = JokeDetailCoordinator.swift; sourceTree = "<group>"; };
		78383EDA2BD40C4B003024A8 /* DependencyContainer.swift */ = {isa = PBXFileReference; lastKnownFileType = sourcecode.swift; path = DependencyContainer.swift; sourceTree = "<group>"; };
		78383EE02BD40EC6003024A8 /* UICollectionViewExtension.swift */ = {isa = PBXFileReference; lastKnownFileType = sourcecode.swift; path = UICollectionViewExtension.swift; sourceTree = "<group>"; };
		78383EE22BD40ED3003024A8 /* NSObjectExtension.swift */ = {isa = PBXFileReference; lastKnownFileType = sourcecode.swift; path = NSObjectExtension.swift; sourceTree = "<group>"; };
/* End PBXFileReference section */

/* Begin PBXFrameworksBuildPhase section */
		782BD6182BD161AC00FE9D41 /* Frameworks */ = {
			isa = PBXFrameworksBuildPhase;
			buildActionMask = 2147483647;
			files = (
				7830BDBF2BD2705A00AEC5C4 /* RxRelay in Frameworks */,
				7830BDBD2BD2705A00AEC5C4 /* RxCocoa-Dynamic in Frameworks */,
				7830BDBB2BD2705A00AEC5C4 /* RxCocoa in Frameworks */,
				7830BDC22BD270B800AEC5C4 /* Alamofire in Frameworks */,
				7830BDC42BD270B800AEC5C4 /* AlamofireDynamic in Frameworks */,
				7830BDB72BD2705A00AEC5C4 /* RxBlocking in Frameworks */,
				78383ED82BD40C38003024A8 /* Swinject-Dynamic in Frameworks */,
				7830BDB92BD2705A00AEC5C4 /* RxBlocking-Dynamic in Frameworks */,
				78383ED62BD40C38003024A8 /* Swinject in Frameworks */,
			);
			runOnlyForDeploymentPostprocessing = 0;
		};
/* End PBXFrameworksBuildPhase section */

/* Begin PBXGroup section */
		782BD6122BD161AC00FE9D41 = {
			isa = PBXGroup;
			children = (
				782BD61D2BD161AC00FE9D41 /* simple-mvvmc-rx-api */,
				782BD61C2BD161AC00FE9D41 /* Products */,
			);
			sourceTree = "<group>";
		};
		782BD61C2BD161AC00FE9D41 /* Products */ = {
			isa = PBXGroup;
			children = (
				782BD61B2BD161AC00FE9D41 /* simple-mvvmc-rx-api.app */,
			);
			name = Products;
			sourceTree = "<group>";
		};
		782BD61D2BD161AC00FE9D41 /* simple-mvvmc-rx-api */ = {
			isa = PBXGroup;
			children = (
				782BD61E2BD161AC00FE9D41 /* AppDelegate.swift */,
				78383ED02BD40254003024A8 /* AppCoordinator.swift */,
				78383ED92BD40C3F003024A8 /* Common */,
				7830BDDD2BD27FF300AEC5C4 /* Extensions */,
				7830BDC92BD271F000AEC5C4 /* NetworkClient */,
				7830BDCE2BD2729E00AEC5C4 /* Repository */,
				7830BDC52BD271A200AEC5C4 /* Features */,
				782BD6322BD1622C00FE9D41 /* ViewController.swift */,
				782BD6332BD1622C00FE9D41 /* ViewController.xib */,
				782BD6272BD161AD00FE9D41 /* Assets.xcassets */,
				782BD6292BD161AD00FE9D41 /* LaunchScreen.storyboard */,
				782BD62C2BD161AD00FE9D41 /* Info.plist */,
			);
			path = "simple-mvvmc-rx-api";
			sourceTree = "<group>";
		};
		7830BDC52BD271A200AEC5C4 /* Features */ = {
			isa = PBXGroup;
			children = (
				7830BDC62BD271A800AEC5C4 /* JokeList */,
				78383EC12BD3EA1F003024A8 /* JokeDetail */,
			);
			path = Features;
			sourceTree = "<group>";
		};
		7830BDC62BD271A800AEC5C4 /* JokeList */ = {
			isa = PBXGroup;
			children = (
				7830BDC72BD271B000AEC5C4 /* JokeModel.swift */,
				7830BDD32BD2735E00AEC5C4 /* JokeListViewModel.swift */,
				7830BDD92BD2798100AEC5C4 /* JokeListItemCell.swift */,
				7830BDDA2BD2798100AEC5C4 /* JokeListItemCell.xib */,
				7830BDD52BD275DB00AEC5C4 /* JokeListViewController.swift */,
				7830BDD62BD275DB00AEC5C4 /* JokeListViewController.xib */,
				78383ECE2BD401A1003024A8 /* JokeListCoordinator.swift */,
			);
			path = JokeList;
			sourceTree = "<group>";
		};
		7830BDC92BD271F000AEC5C4 /* NetworkClient */ = {
			isa = PBXGroup;
			children = (
				7830BDCA2BD2723200AEC5C4 /* NetworkClient.swift */,
				7830BDCC2BD2723E00AEC5C4 /* DefaultNetworkClient.swift */,
			);
			path = NetworkClient;
			sourceTree = "<group>";
		};
		7830BDCE2BD2729E00AEC5C4 /* Repository */ = {
			isa = PBXGroup;
			children = (
				7830BDCF2BD272B300AEC5C4 /* ContentRepository.swift */,
				7830BDD12BD272C200AEC5C4 /* DefaultContentRepository.swift */,
			);
			path = Repository;
			sourceTree = "<group>";
		};
		7830BDDD2BD27FF300AEC5C4 /* Extensions */ = {
			isa = PBXGroup;
			children = (
				7830BDDE2BD2800100AEC5C4 /* CGFloatExtension.swift */,
				78383ECC2BD40043003024A8 /* UIViewControllerExtension.swift */,
				7830BDE02BD2830200AEC5C4 /* CollectionExtension.swift */,
				78383EE02BD40EC6003024A8 /* UICollectionViewExtension.swift */,
				78383EE22BD40ED3003024A8 /* NSObjectExtension.swift */,
			);
			path = Extensions;
			sourceTree = "<group>";
		};
		78383EC12BD3EA1F003024A8 /* JokeDetail */ = {
			isa = PBXGroup;
			children = (
				78383EC22BD3EA30003024A8 /* JokeDetailViewModel.swift */,
				78383EC42BD3EB5A003024A8 /* JokeDetailViewController.swift */,
				78383EC52BD3EB5A003024A8 /* JokeDetailViewController.xib */,
				78383ED22BD403EB003024A8 /* JokeDetailCoordinator.swift */,
			);
			path = JokeDetail;
			sourceTree = "<group>";
		};
		78383ED92BD40C3F003024A8 /* Common */ = {
			isa = PBXGroup;
			children = (
				78383EDA2BD40C4B003024A8 /* DependencyContainer.swift */,
			);
			path = Common;
			sourceTree = "<group>";
		};
/* End PBXGroup section */

/* Begin PBXNativeTarget section */
		782BD61A2BD161AC00FE9D41 /* simple-mvvmc-rx-api */ = {
			isa = PBXNativeTarget;
			buildConfigurationList = 782BD62F2BD161AD00FE9D41 /* Build configuration list for PBXNativeTarget "simple-mvvmc-rx-api" */;
			buildPhases = (
				782BD6172BD161AC00FE9D41 /* Sources */,
				782BD6182BD161AC00FE9D41 /* Frameworks */,
				782BD6192BD161AC00FE9D41 /* Resources */,
			);
			buildRules = (
			);
			dependencies = (
			);
			name = "simple-mvvmc-rx-api";
			packageProductDependencies = (
				7830BDB62BD2705A00AEC5C4 /* RxBlocking */,
				7830BDB82BD2705A00AEC5C4 /* RxBlocking-Dynamic */,
				7830BDBA2BD2705A00AEC5C4 /* RxCocoa */,
				7830BDBC2BD2705A00AEC5C4 /* RxCocoa-Dynamic */,
				7830BDBE2BD2705A00AEC5C4 /* RxRelay */,
				7830BDC12BD270B800AEC5C4 /* Alamofire */,
				7830BDC32BD270B800AEC5C4 /* AlamofireDynamic */,
				78383ED52BD40C38003024A8 /* Swinject */,
				78383ED72BD40C38003024A8 /* Swinject-Dynamic */,
			);
			productName = "simple-mvvmc-rx-api";
			productReference = 782BD61B2BD161AC00FE9D41 /* simple-mvvmc-rx-api.app */;
			productType = "com.apple.product-type.application";
		};
/* End PBXNativeTarget section */

/* Begin PBXProject section */
		782BD6132BD161AC00FE9D41 /* Project object */ = {
			isa = PBXProject;
			attributes = {
				BuildIndependentTargetsInParallel = 1;
				LastSwiftUpdateCheck = 1510;
				LastUpgradeCheck = 1510;
				TargetAttributes = {
					782BD61A2BD161AC00FE9D41 = {
						CreatedOnToolsVersion = 15.1;
					};
				};
			};
			buildConfigurationList = 782BD6162BD161AC00FE9D41 /* Build configuration list for PBXProject "simple-mvvmc-rx-api" */;
			compatibilityVersion = "Xcode 14.0";
			developmentRegion = en;
			hasScannedForEncodings = 0;
			knownRegions = (
				en,
				Base,
			);
			mainGroup = 782BD6122BD161AC00FE9D41;
			packageReferences = (
				7830BDB52BD2705A00AEC5C4 /* XCRemoteSwiftPackageReference "RxSwift" */,
				7830BDC02BD270B800AEC5C4 /* XCRemoteSwiftPackageReference "Alamofire" */,
				78383ED42BD40C38003024A8 /* XCRemoteSwiftPackageReference "Swinject" */,
			);
			productRefGroup = 782BD61C2BD161AC00FE9D41 /* Products */;
			projectDirPath = "";
			projectRoot = "";
			targets = (
				782BD61A2BD161AC00FE9D41 /* simple-mvvmc-rx-api */,
			);
		};
/* End PBXProject section */

/* Begin PBXResourcesBuildPhase section */
		782BD6192BD161AC00FE9D41 /* Resources */ = {
			isa = PBXResourcesBuildPhase;
			buildActionMask = 2147483647;
			files = (
				78383EC72BD3EB5A003024A8 /* JokeDetailViewController.xib in Resources */,
				782BD62B2BD161AD00FE9D41 /* LaunchScreen.storyboard in Resources */,
				7830BDDC2BD2798100AEC5C4 /* JokeListItemCell.xib in Resources */,
				782BD6352BD1622C00FE9D41 /* ViewController.xib in Resources */,
				782BD6282BD161AD00FE9D41 /* Assets.xcassets in Resources */,
				7830BDD82BD275DB00AEC5C4 /* JokeListViewController.xib in Resources */,
			);
			runOnlyForDeploymentPostprocessing = 0;
		};
/* End PBXResourcesBuildPhase section */

/* Begin PBXSourcesBuildPhase section */
		782BD6172BD161AC00FE9D41 /* Sources */ = {
			isa = PBXSourcesBuildPhase;
			buildActionMask = 2147483647;
			files = (
				78383EC32BD3EA30003024A8 /* JokeDetailViewModel.swift in Sources */,
				7830BDD22BD272C200AEC5C4 /* DefaultContentRepository.swift in Sources */,
				78383EDB2BD40C4B003024A8 /* DependencyContainer.swift in Sources */,
				78383ED12BD40254003024A8 /* AppCoordinator.swift in Sources */,
				78383EE12BD40EC6003024A8 /* UICollectionViewExtension.swift in Sources */,
				78383ECD2BD40043003024A8 /* UIViewControllerExtension.swift in Sources */,
				782BD6342BD1622C00FE9D41 /* ViewController.swift in Sources */,
				78383EE32BD40ED3003024A8 /* NSObjectExtension.swift in Sources */,
				7830BDD02BD272B300AEC5C4 /* ContentRepository.swift in Sources */,
				7830BDD72BD275DB00AEC5C4 /* JokeListViewController.swift in Sources */,
				7830BDD42BD2735E00AEC5C4 /* JokeListViewModel.swift in Sources */,
				7830BDE12BD2830200AEC5C4 /* CollectionExtension.swift in Sources */,
				782BD61F2BD161AC00FE9D41 /* AppDelegate.swift in Sources */,
				78383ED32BD403EC003024A8 /* JokeDetailCoordinator.swift in Sources */,
				7830BDC82BD271B000AEC5C4 /* JokeModel.swift in Sources */,
				7830BDCD2BD2723E00AEC5C4 /* DefaultNetworkClient.swift in Sources */,
				7830BDDB2BD2798100AEC5C4 /* JokeListItemCell.swift in Sources */,
				7830BDCB2BD2723200AEC5C4 /* NetworkClient.swift in Sources */,
				78383ECF2BD401A1003024A8 /* JokeListCoordinator.swift in Sources */,
				78383EC62BD3EB5A003024A8 /* JokeDetailViewController.swift in Sources */,
				7830BDDF2BD2800100AEC5C4 /* CGFloatExtension.swift in Sources */,
			);
			runOnlyForDeploymentPostprocessing = 0;
		};
/* End PBXSourcesBuildPhase section */

/* Begin PBXVariantGroup section */
		782BD6292BD161AD00FE9D41 /* LaunchScreen.storyboard */ = {
			isa = PBXVariantGroup;
			children = (
				782BD62A2BD161AD00FE9D41 /* Base */,
			);
			name = LaunchScreen.storyboard;
			sourceTree = "<group>";
		};
/* End PBXVariantGroup section */

/* Begin XCBuildConfiguration section */
		782BD62D2BD161AD00FE9D41 /* Debug */ = {
			isa = XCBuildConfiguration;
			buildSettings = {
				ALWAYS_SEARCH_USER_PATHS = NO;
				ASSETCATALOG_COMPILER_GENERATE_SWIFT_ASSET_SYMBOL_EXTENSIONS = YES;
				CLANG_ANALYZER_NONNULL = YES;
				CLANG_ANALYZER_NUMBER_OBJECT_CONVERSION = YES_AGGRESSIVE;
				CLANG_CXX_LANGUAGE_STANDARD = "gnu++20";
				CLANG_ENABLE_MODULES = YES;
				CLANG_ENABLE_OBJC_ARC = YES;
				CLANG_ENABLE_OBJC_WEAK = YES;
				CLANG_WARN_BLOCK_CAPTURE_AUTORELEASING = YES;
				CLANG_WARN_BOOL_CONVERSION = YES;
				CLANG_WARN_COMMA = YES;
				CLANG_WARN_CONSTANT_CONVERSION = YES;
				CLANG_WARN_DEPRECATED_OBJC_IMPLEMENTATIONS = YES;
				CLANG_WARN_DIRECT_OBJC_ISA_USAGE = YES_ERROR;
				CLANG_WARN_DOCUMENTATION_COMMENTS = YES;
				CLANG_WARN_EMPTY_BODY = YES;
				CLANG_WARN_ENUM_CONVERSION = YES;
				CLANG_WARN_INFINITE_RECURSION = YES;
				CLANG_WARN_INT_CONVERSION = YES;
				CLANG_WARN_NON_LITERAL_NULL_CONVERSION = YES;
				CLANG_WARN_OBJC_IMPLICIT_RETAIN_SELF = YES;
				CLANG_WARN_OBJC_LITERAL_CONVERSION = YES;
				CLANG_WARN_OBJC_ROOT_CLASS = YES_ERROR;
				CLANG_WARN_QUOTED_INCLUDE_IN_FRAMEWORK_HEADER = YES;
				CLANG_WARN_RANGE_LOOP_ANALYSIS = YES;
				CLANG_WARN_STRICT_PROTOTYPES = YES;
				CLANG_WARN_SUSPICIOUS_MOVE = YES;
				CLANG_WARN_UNGUARDED_AVAILABILITY = YES_AGGRESSIVE;
				CLANG_WARN_UNREACHABLE_CODE = YES;
				CLANG_WARN__DUPLICATE_METHOD_MATCH = YES;
				COPY_PHASE_STRIP = NO;
				DEBUG_INFORMATION_FORMAT = dwarf;
				ENABLE_STRICT_OBJC_MSGSEND = YES;
				ENABLE_TESTABILITY = YES;
				ENABLE_USER_SCRIPT_SANDBOXING = YES;
				GCC_C_LANGUAGE_STANDARD = gnu17;
				GCC_DYNAMIC_NO_PIC = NO;
				GCC_NO_COMMON_BLOCKS = YES;
				GCC_OPTIMIZATION_LEVEL = 0;
				GCC_PREPROCESSOR_DEFINITIONS = (
					"DEBUG=1",
					"$(inherited)",
				);
				GCC_WARN_64_TO_32_BIT_CONVERSION = YES;
				GCC_WARN_ABOUT_RETURN_TYPE = YES_ERROR;
				GCC_WARN_UNDECLARED_SELECTOR = YES;
				GCC_WARN_UNINITIALIZED_AUTOS = YES_AGGRESSIVE;
				GCC_WARN_UNUSED_FUNCTION = YES;
				GCC_WARN_UNUSED_VARIABLE = YES;
				IPHONEOS_DEPLOYMENT_TARGET = 17.2;
				LOCALIZATION_PREFERS_STRING_CATALOGS = YES;
				MTL_ENABLE_DEBUG_INFO = INCLUDE_SOURCE;
				MTL_FAST_MATH = YES;
				ONLY_ACTIVE_ARCH = YES;
				SDKROOT = iphoneos;
				SWIFT_ACTIVE_COMPILATION_CONDITIONS = "DEBUG $(inherited)";
				SWIFT_OPTIMIZATION_LEVEL = "-Onone";
			};
			name = Debug;
		};
		782BD62E2BD161AD00FE9D41 /* Release */ = {
			isa = XCBuildConfiguration;
			buildSettings = {
				ALWAYS_SEARCH_USER_PATHS = NO;
				ASSETCATALOG_COMPILER_GENERATE_SWIFT_ASSET_SYMBOL_EXTENSIONS = YES;
				CLANG_ANALYZER_NONNULL = YES;
				CLANG_ANALYZER_NUMBER_OBJECT_CONVERSION = YES_AGGRESSIVE;
				CLANG_CXX_LANGUAGE_STANDARD = "gnu++20";
				CLANG_ENABLE_MODULES = YES;
				CLANG_ENABLE_OBJC_ARC = YES;
				CLANG_ENABLE_OBJC_WEAK = YES;
				CLANG_WARN_BLOCK_CAPTURE_AUTORELEASING = YES;
				CLANG_WARN_BOOL_CONVERSION = YES;
				CLANG_WARN_COMMA = YES;
				CLANG_WARN_CONSTANT_CONVERSION = YES;
				CLANG_WARN_DEPRECATED_OBJC_IMPLEMENTATIONS = YES;
				CLANG_WARN_DIRECT_OBJC_ISA_USAGE = YES_ERROR;
				CLANG_WARN_DOCUMENTATION_COMMENTS = YES;
				CLANG_WARN_EMPTY_BODY = YES;
				CLANG_WARN_ENUM_CONVERSION = YES;
				CLANG_WARN_INFINITE_RECURSION = YES;
				CLANG_WARN_INT_CONVERSION = YES;
				CLANG_WARN_NON_LITERAL_NULL_CONVERSION = YES;
				CLANG_WARN_OBJC_IMPLICIT_RETAIN_SELF = YES;
				CLANG_WARN_OBJC_LITERAL_CONVERSION = YES;
				CLANG_WARN_OBJC_ROOT_CLASS = YES_ERROR;
				CLANG_WARN_QUOTED_INCLUDE_IN_FRAMEWORK_HEADER = YES;
				CLANG_WARN_RANGE_LOOP_ANALYSIS = YES;
				CLANG_WARN_STRICT_PROTOTYPES = YES;
				CLANG_WARN_SUSPICIOUS_MOVE = YES;
				CLANG_WARN_UNGUARDED_AVAILABILITY = YES_AGGRESSIVE;
				CLANG_WARN_UNREACHABLE_CODE = YES;
				CLANG_WARN__DUPLICATE_METHOD_MATCH = YES;
				COPY_PHASE_STRIP = NO;
				DEBUG_INFORMATION_FORMAT = "dwarf-with-dsym";
				ENABLE_NS_ASSERTIONS = NO;
				ENABLE_STRICT_OBJC_MSGSEND = YES;
				ENABLE_USER_SCRIPT_SANDBOXING = YES;
				GCC_C_LANGUAGE_STANDARD = gnu17;
				GCC_NO_COMMON_BLOCKS = YES;
				GCC_WARN_64_TO_32_BIT_CONVERSION = YES;
				GCC_WARN_ABOUT_RETURN_TYPE = YES_ERROR;
				GCC_WARN_UNDECLARED_SELECTOR = YES;
				GCC_WARN_UNINITIALIZED_AUTOS = YES_AGGRESSIVE;
				GCC_WARN_UNUSED_FUNCTION = YES;
				GCC_WARN_UNUSED_VARIABLE = YES;
				IPHONEOS_DEPLOYMENT_TARGET = 17.2;
				LOCALIZATION_PREFERS_STRING_CATALOGS = YES;
				MTL_ENABLE_DEBUG_INFO = NO;
				MTL_FAST_MATH = YES;
				SDKROOT = iphoneos;
				SWIFT_COMPILATION_MODE = wholemodule;
				VALIDATE_PRODUCT = YES;
			};
			name = Release;
		};
		782BD6302BD161AD00FE9D41 /* Debug */ = {
			isa = XCBuildConfiguration;
			buildSettings = {
				ASSETCATALOG_COMPILER_APPICON_NAME = AppIcon;
				ASSETCATALOG_COMPILER_GLOBAL_ACCENT_COLOR_NAME = AccentColor;
				CODE_SIGN_STYLE = Automatic;
				CURRENT_PROJECT_VERSION = 1;
				DEVELOPMENT_TEAM = WCTUNB2T49;
				GENERATE_INFOPLIST_FILE = YES;
				INFOPLIST_FILE = "simple-mvvmc-rx-api/Info.plist";
				INFOPLIST_KEY_UIApplicationSupportsIndirectInputEvents = YES;
				INFOPLIST_KEY_UILaunchStoryboardName = LaunchScreen;
				INFOPLIST_KEY_UISupportedInterfaceOrientations_iPad = "UIInterfaceOrientationPortrait UIInterfaceOrientationPortraitUpsideDown UIInterfaceOrientationLandscapeLeft UIInterfaceOrientationLandscapeRight";
				INFOPLIST_KEY_UISupportedInterfaceOrientations_iPhone = "UIInterfaceOrientationPortrait UIInterfaceOrientationLandscapeLeft UIInterfaceOrientationLandscapeRight";
				LD_RUNPATH_SEARCH_PATHS = (
					"$(inherited)",
					"@executable_path/Frameworks",
				);
				MARKETING_VERSION = 1.0;
				PRODUCT_BUNDLE_IDENTIFIER = "com.stevhen.simple-mvvmc-rx-api";
				PRODUCT_NAME = "$(TARGET_NAME)";
				SWIFT_EMIT_LOC_STRINGS = YES;
				SWIFT_VERSION = 5.0;
				TARGETED_DEVICE_FAMILY = "1,2";
			};
			name = Debug;
		};
		782BD6312BD161AD00FE9D41 /* Release */ = {
			isa = XCBuildConfiguration;
			buildSettings = {
				ASSETCATALOG_COMPILER_APPICON_NAME = AppIcon;
				ASSETCATALOG_COMPILER_GLOBAL_ACCENT_COLOR_NAME = AccentColor;
				CODE_SIGN_STYLE = Automatic;
				CURRENT_PROJECT_VERSION = 1;
				DEVELOPMENT_TEAM = WCTUNB2T49;
				GENERATE_INFOPLIST_FILE = YES;
				INFOPLIST_FILE = "simple-mvvmc-rx-api/Info.plist";
				INFOPLIST_KEY_UIApplicationSupportsIndirectInputEvents = YES;
				INFOPLIST_KEY_UILaunchStoryboardName = LaunchScreen;
				INFOPLIST_KEY_UISupportedInterfaceOrientations_iPad = "UIInterfaceOrientationPortrait UIInterfaceOrientationPortraitUpsideDown UIInterfaceOrientationLandscapeLeft UIInterfaceOrientationLandscapeRight";
				INFOPLIST_KEY_UISupportedInterfaceOrientations_iPhone = "UIInterfaceOrientationPortrait UIInterfaceOrientationLandscapeLeft UIInterfaceOrientationLandscapeRight";
				LD_RUNPATH_SEARCH_PATHS = (
					"$(inherited)",
					"@executable_path/Frameworks",
				);
				MARKETING_VERSION = 1.0;
				PRODUCT_BUNDLE_IDENTIFIER = "com.stevhen.simple-mvvmc-rx-api";
				PRODUCT_NAME = "$(TARGET_NAME)";
				SWIFT_EMIT_LOC_STRINGS = YES;
				SWIFT_VERSION = 5.0;
				TARGETED_DEVICE_FAMILY = "1,2";
			};
			name = Release;
		};
/* End XCBuildConfiguration section */

/* Begin XCConfigurationList section */
		782BD6162BD161AC00FE9D41 /* Build configuration list for PBXProject "simple-mvvmc-rx-api" */ = {
			isa = XCConfigurationList;
			buildConfigurations = (
				782BD62D2BD161AD00FE9D41 /* Debug */,
				782BD62E2BD161AD00FE9D41 /* Release */,
			);
			defaultConfigurationIsVisible = 0;
			defaultConfigurationName = Release;
		};
		782BD62F2BD161AD00FE9D41 /* Build configuration list for PBXNativeTarget "simple-mvvmc-rx-api" */ = {
			isa = XCConfigurationList;
			buildConfigurations = (
				782BD6302BD161AD00FE9D41 /* Debug */,
				782BD6312BD161AD00FE9D41 /* Release */,
			);
			defaultConfigurationIsVisible = 0;
			defaultConfigurationName = Release;
		};
/* End XCConfigurationList section */

/* Begin XCRemoteSwiftPackageReference section */
		7830BDB52BD2705A00AEC5C4 /* XCRemoteSwiftPackageReference "RxSwift" */ = {
			isa = XCRemoteSwiftPackageReference;
			repositoryURL = "https://github.com/ReactiveX/RxSwift";
			requirement = {
				kind = exactVersion;
				version = 6.6.0;
			};
		};
		7830BDC02BD270B800AEC5C4 /* XCRemoteSwiftPackageReference "Alamofire" */ = {
			isa = XCRemoteSwiftPackageReference;
			repositoryURL = "https://github.com/Alamofire/Alamofire";
			requirement = {
				kind = exactVersion;
				version = 5.9.1;
			};
		};
		78383ED42BD40C38003024A8 /* XCRemoteSwiftPackageReference "Swinject" */ = {
			isa = XCRemoteSwiftPackageReference;
			repositoryURL = "https://github.com/Swinject/Swinject";
			requirement = {
				kind = exactVersion;
				version = 2.8.6;
			};
		};
/* End XCRemoteSwiftPackageReference section */

/* Begin XCSwiftPackageProductDependency section */
		7830BDB62BD2705A00AEC5C4 /* RxBlocking */ = {
			isa = XCSwiftPackageProductDependency;
			package = 7830BDB52BD2705A00AEC5C4 /* XCRemoteSwiftPackageReference "RxSwift" */;
			productName = RxBlocking;
		};
		7830BDB82BD2705A00AEC5C4 /* RxBlocking-Dynamic */ = {
			isa = XCSwiftPackageProductDependency;
			package = 7830BDB52BD2705A00AEC5C4 /* XCRemoteSwiftPackageReference "RxSwift" */;
			productName = "RxBlocking-Dynamic";
		};
		7830BDBA2BD2705A00AEC5C4 /* RxCocoa */ = {
			isa = XCSwiftPackageProductDependency;
			package = 7830BDB52BD2705A00AEC5C4 /* XCRemoteSwiftPackageReference "RxSwift" */;
			productName = RxCocoa;
		};
		7830BDBC2BD2705A00AEC5C4 /* RxCocoa-Dynamic */ = {
			isa = XCSwiftPackageProductDependency;
			package = 7830BDB52BD2705A00AEC5C4 /* XCRemoteSwiftPackageReference "RxSwift" */;
			productName = "RxCocoa-Dynamic";
		};
		7830BDBE2BD2705A00AEC5C4 /* RxRelay */ = {
			isa = XCSwiftPackageProductDependency;
			package = 7830BDB52BD2705A00AEC5C4 /* XCRemoteSwiftPackageReference "RxSwift" */;
			productName = RxRelay;
		};
		7830BDC12BD270B800AEC5C4 /* Alamofire */ = {
			isa = XCSwiftPackageProductDependency;
			package = 7830BDC02BD270B800AEC5C4 /* XCRemoteSwiftPackageReference "Alamofire" */;
			productName = Alamofire;
		};
		7830BDC32BD270B800AEC5C4 /* AlamofireDynamic */ = {
			isa = XCSwiftPackageProductDependency;
			package = 7830BDC02BD270B800AEC5C4 /* XCRemoteSwiftPackageReference "Alamofire" */;
			productName = AlamofireDynamic;
		};
		78383ED52BD40C38003024A8 /* Swinject */ = {
			isa = XCSwiftPackageProductDependency;
			package = 78383ED42BD40C38003024A8 /* XCRemoteSwiftPackageReference "Swinject" */;
			productName = Swinject;
		};
		78383ED72BD40C38003024A8 /* Swinject-Dynamic */ = {
			isa = XCSwiftPackageProductDependency;
			package = 78383ED42BD40C38003024A8 /* XCRemoteSwiftPackageReference "Swinject" */;
			productName = "Swinject-Dynamic";
		};
/* End XCSwiftPackageProductDependency section */
	};
	rootObject = 782BD6132BD161AC00FE9D41 /* Project object */;
}
