// !$*UTF8*$!
{
	archiveVersion = 1;
	classes = {
	};
	objectVersion = 56;
	objects = {

/* Begin PBXBuildFile section */
		7810D7862BD4C5A500CB873D /* JokeDetailViewModelSpec.swift in Sources */ = {isa = PBXBuildFile; fileRef = 7810D7852BD4C5A500CB873D /* JokeDetailViewModelSpec.swift */; };
		7810D7942BD4C66200CB873D /* XCTest.framework in Frameworks */ = {isa = PBXBuildFile; fileRef = 7810D7932BD4C66200CB873D /* XCTest.framework */; settings = {ATTRIBUTES = (Weak, ); }; };
		7810D7982BD4CAEC00CB873D /* JokeListViewModelSpec.swift in Sources */ = {isa = PBXBuildFile; fileRef = 7810D7972BD4CAEC00CB873D /* JokeListViewModelSpec.swift */; };
		7810D79A2BD4CC3D00CB873D /* JokeDetailCoordinatorSpec.swift in Sources */ = {isa = PBXBuildFile; fileRef = 7810D7992BD4CC3D00CB873D /* JokeDetailCoordinatorSpec.swift */; };
		7810D79C2BD4CD3C00CB873D /* JokeListCoordinatorSpec.swift in Sources */ = {isa = PBXBuildFile; fileRef = 7810D79B2BD4CD3C00CB873D /* JokeListCoordinatorSpec.swift */; };
		7810D79E2BD4CD6E00CB873D /* MockContentRepository.swift in Sources */ = {isa = PBXBuildFile; fileRef = 7810D79D2BD4CD6E00CB873D /* MockContentRepository.swift */; };
		7810D7A02BD4CEF900CB873D /* DependencySpec.swift in Sources */ = {isa = PBXBuildFile; fileRef = 7810D79F2BD4CEF900CB873D /* DependencySpec.swift */; };
		7810D7A32BD4CF6F00CB873D /* UIViewControllerExtensionSpec.swift in Sources */ = {isa = PBXBuildFile; fileRef = 7810D7A22BD4CF6F00CB873D /* UIViewControllerExtensionSpec.swift */; };
		7810D7A52BD4D06D00CB873D /* CGFloatExtensionSpec.swift in Sources */ = {isa = PBXBuildFile; fileRef = 7810D7A42BD4D06D00CB873D /* CGFloatExtensionSpec.swift */; };
		7810D7A72BD4D1CB00CB873D /* CollectionExtensionSpec.swift in Sources */ = {isa = PBXBuildFile; fileRef = 7810D7A62BD4D1CB00CB873D /* CollectionExtensionSpec.swift */; };
		7810D7B52BD4D3B600CB873D /* ViewController.swift in Sources */ = {isa = PBXBuildFile; fileRef = 7810D7B32BD4D3B600CB873D /* ViewController.swift */; };
		7810D7B62BD4D3B600CB873D /* ViewController.xib in Resources */ = {isa = PBXBuildFile; fileRef = 7810D7B42BD4D3B600CB873D /* ViewController.xib */; };
		7810D7B82BD4D44C00CB873D /* ViewControllerSpec.swift in Sources */ = {isa = PBXBuildFile; fileRef = 7810D7B72BD4D44C00CB873D /* ViewControllerSpec.swift */; };
		7810D7BA2BD4D5A500CB873D /* JokeListItemCellSpec.swift in Sources */ = {isa = PBXBuildFile; fileRef = 7810D7B92BD4D5A500CB873D /* JokeListItemCellSpec.swift */; };
		7810D7C62BD4DBDB00CB873D /* DefaultContentRepositorySpec.swift in Sources */ = {isa = PBXBuildFile; fileRef = 7810D7C52BD4DBDB00CB873D /* DefaultContentRepositorySpec.swift */; };
		7810D7CA2BD4E2B500CB873D /* JokeDetailViewControllerSpec.swift in Sources */ = {isa = PBXBuildFile; fileRef = 7810D7C92BD4E2B500CB873D /* JokeDetailViewControllerSpec.swift */; };
		7810D7CC2BD4E3D700CB873D /* JokeListViewControllerSpec.swift in Sources */ = {isa = PBXBuildFile; fileRef = 7810D7CB2BD4E3D700CB873D /* JokeListViewControllerSpec.swift */; };
		782BD61F2BD161AC00FE9D41 /* AppDelegate.swift in Sources */ = {isa = PBXBuildFile; fileRef = 782BD61E2BD161AC00FE9D41 /* AppDelegate.swift */; };
		782BD6282BD161AD00FE9D41 /* Assets.xcassets in Resources */ = {isa = PBXBuildFile; fileRef = 782BD6272BD161AD00FE9D41 /* Assets.xcassets */; };
		782BD62B2BD161AD00FE9D41 /* LaunchScreen.storyboard in Resources */ = {isa = PBXBuildFile; fileRef = 782BD6292BD161AD00FE9D41 /* LaunchScreen.storyboard */; };
		7830BDC82BD271B000AEC5C4 /* JokeModel.swift in Sources */ = {isa = PBXBuildFile; fileRef = 7830BDC72BD271B000AEC5C4 /* JokeModel.swift */; };
		7830BDCB2BD2723200AEC5C4 /* NetworkClient.swift in Sources */ = {isa = PBXBuildFile; fileRef = 7830BDCA2BD2723200AEC5C4 /* NetworkClient.swift */; };
		7830BDCD2BD2723E00AEC5C4 /* DefaultNetworkClient.swift in Sources */ = {isa = PBXBuildFile; fileRef = 7830BDCC2BD2723E00AEC5C4 /* DefaultNetworkClient.swift */; };
		7830BDD02BD272B300AEC5C4 /* ContentRepository.swift in Sources */ = {isa = PBXBuildFile; fileRef = 7830BDCF2BD272B300AEC5C4 /* ContentRepository.swift */; };
		7830BDD22BD272C200AEC5C4 /* DefaultContentRepository.swift in Sources */ = {isa = PBXBuildFile; fileRef = 7830BDD12BD272C200AEC5C4 /* DefaultContentRepository.swift */; };
		7830BDD42BD2735E00AEC5C4 /* JokeListViewModel.swift in Sources */ = {isa = PBXBuildFile; fileRef = 7830BDD32BD2735E00AEC5C4 /* JokeListViewModel.swift */; };
		7830BDD72BD275DB00AEC5C4 /* JokeListViewController.swift in Sources */ = {isa = PBXBuildFile; fileRef = 7830BDD52BD275DB00AEC5C4 /* JokeListViewController.swift */; };
		7830BDD82BD275DB00AEC5C4 /* JokeListViewController.xib in Resources */ = {isa = PBXBuildFile; fileRef = 7830BDD62BD275DB00AEC5C4 /* JokeListViewController.xib */; };
		7830BDDB2BD2798100AEC5C4 /* JokeListItemCell.swift in Sources */ = {isa = PBXBuildFile; fileRef = 7830BDD92BD2798100AEC5C4 /* JokeListItemCell.swift */; };
		7830BDDC2BD2798100AEC5C4 /* JokeListItemCell.xib in Resources */ = {isa = PBXBuildFile; fileRef = 7830BDDA2BD2798100AEC5C4 /* JokeListItemCell.xib */; };
		7830BDDF2BD2800100AEC5C4 /* CGFloatExtension.swift in Sources */ = {isa = PBXBuildFile; fileRef = 7830BDDE2BD2800100AEC5C4 /* CGFloatExtension.swift */; };
		7830BDE12BD2830200AEC5C4 /* CollectionExtension.swift in Sources */ = {isa = PBXBuildFile; fileRef = 7830BDE02BD2830200AEC5C4 /* CollectionExtension.swift */; };
		7834AAC82BD63DD8006F6FA0 /* RxBlocking in Frameworks */ = {isa = PBXBuildFile; productRef = 7834AAC72BD63DD8006F6FA0 /* RxBlocking */; };
		7834AACA2BD63DD8006F6FA0 /* RxBlocking-Dynamic in Frameworks */ = {isa = PBXBuildFile; productRef = 7834AAC92BD63DD8006F6FA0 /* RxBlocking-Dynamic */; };
		7834AACC2BD63DD8006F6FA0 /* RxCocoa in Frameworks */ = {isa = PBXBuildFile; productRef = 7834AACB2BD63DD8006F6FA0 /* RxCocoa */; };
		7834AACE2BD63DD8006F6FA0 /* RxCocoa-Dynamic in Frameworks */ = {isa = PBXBuildFile; productRef = 7834AACD2BD63DD8006F6FA0 /* RxCocoa-Dynamic */; };
		7834AAD02BD63DD8006F6FA0 /* RxRelay in Frameworks */ = {isa = PBXBuildFile; productRef = 7834AACF2BD63DD8006F6FA0 /* RxRelay */; };
		7834AAD22BD63DD8006F6FA0 /* RxRelay-Dynamic in Frameworks */ = {isa = PBXBuildFile; productRef = 7834AAD12BD63DD8006F6FA0 /* RxRelay-Dynamic */; };
		7834AAD42BD63DD8006F6FA0 /* RxSwift in Frameworks */ = {isa = PBXBuildFile; productRef = 7834AAD32BD63DD8006F6FA0 /* RxSwift */; };
		7834AAD62BD63DD8006F6FA0 /* RxSwift-Dynamic in Frameworks */ = {isa = PBXBuildFile; productRef = 7834AAD52BD63DD8006F6FA0 /* RxSwift-Dynamic */; };
		7834AAD82BD63DD8006F6FA0 /* RxTest in Frameworks */ = {isa = PBXBuildFile; productRef = 7834AAD72BD63DD8006F6FA0 /* RxTest */; };
		7834AADA2BD63DD8006F6FA0 /* RxTest-Dynamic in Frameworks */ = {isa = PBXBuildFile; productRef = 7834AAD92BD63DD8006F6FA0 /* RxTest-Dynamic */; };
		7834AADD2BD63DF3006F6FA0 /* Swinject in Frameworks */ = {isa = PBXBuildFile; productRef = 7834AADC2BD63DF3006F6FA0 /* Swinject */; };
		7834AADF2BD63DF3006F6FA0 /* Swinject-Dynamic in Frameworks */ = {isa = PBXBuildFile; productRef = 7834AADE2BD63DF3006F6FA0 /* Swinject-Dynamic */; };
		7834AAE22BD63E09006F6FA0 /* Alamofire in Frameworks */ = {isa = PBXBuildFile; productRef = 7834AAE12BD63E09006F6FA0 /* Alamofire */; };
		7834AAE42BD63E09006F6FA0 /* AlamofireDynamic in Frameworks */ = {isa = PBXBuildFile; productRef = 7834AAE32BD63E09006F6FA0 /* AlamofireDynamic */; };
		7834AAE72BD63E1C006F6FA0 /* Quick in Frameworks */ = {isa = PBXBuildFile; productRef = 7834AAE62BD63E1C006F6FA0 /* Quick */; };
		7834AAEA2BD63E29006F6FA0 /* Nimble in Frameworks */ = {isa = PBXBuildFile; productRef = 7834AAE92BD63E29006F6FA0 /* Nimble */; };
		78383EC32BD3EA30003024A8 /* JokeDetailViewModel.swift in Sources */ = {isa = PBXBuildFile; fileRef = 78383EC22BD3EA30003024A8 /* JokeDetailViewModel.swift */; };
		78383EC62BD3EB5A003024A8 /* JokeDetailViewController.swift in Sources */ = {isa = PBXBuildFile; fileRef = 78383EC42BD3EB5A003024A8 /* JokeDetailViewController.swift */; };
		78383EC72BD3EB5A003024A8 /* JokeDetailViewController.xib in Resources */ = {isa = PBXBuildFile; fileRef = 78383EC52BD3EB5A003024A8 /* JokeDetailViewController.xib */; };
		78383ECD2BD40043003024A8 /* UIViewControllerExtension.swift in Sources */ = {isa = PBXBuildFile; fileRef = 78383ECC2BD40043003024A8 /* UIViewControllerExtension.swift */; };
		78383ECF2BD401A1003024A8 /* JokeListCoordinator.swift in Sources */ = {isa = PBXBuildFile; fileRef = 78383ECE2BD401A1003024A8 /* JokeListCoordinator.swift */; };
		78383ED12BD40254003024A8 /* AppCoordinator.swift in Sources */ = {isa = PBXBuildFile; fileRef = 78383ED02BD40254003024A8 /* AppCoordinator.swift */; };
		78383ED32BD403EC003024A8 /* JokeDetailCoordinator.swift in Sources */ = {isa = PBXBuildFile; fileRef = 78383ED22BD403EB003024A8 /* JokeDetailCoordinator.swift */; };
		78383EDB2BD40C4B003024A8 /* DependencyContainer.swift in Sources */ = {isa = PBXBuildFile; fileRef = 78383EDA2BD40C4B003024A8 /* DependencyContainer.swift */; };
		78383EE12BD40EC6003024A8 /* UICollectionViewExtension.swift in Sources */ = {isa = PBXBuildFile; fileRef = 78383EE02BD40EC6003024A8 /* UICollectionViewExtension.swift */; };
		78383EE32BD40ED3003024A8 /* NSObjectExtension.swift in Sources */ = {isa = PBXBuildFile; fileRef = 78383EE22BD40ED3003024A8 /* NSObjectExtension.swift */; };
		78D4C8562BD4EC2B00A038F2 /* AppCoordinatorSpec.swift in Sources */ = {isa = PBXBuildFile; fileRef = 78D4C8552BD4EC2B00A038F2 /* AppCoordinatorSpec.swift */; };
		78D4C8582BD4ED5B00A038F2 /* JokeModelSpec.swift in Sources */ = {isa = PBXBuildFile; fileRef = 78D4C8572BD4ED5B00A038F2 /* JokeModelSpec.swift */; };
		78D4C85B2BD4EFE900A038F2 /* DefaultNetworkClientSpec.swift in Sources */ = {isa = PBXBuildFile; fileRef = 78D4C85A2BD4EFE900A038F2 /* DefaultNetworkClientSpec.swift */; };
		78D4C85D2BD4F72300A038F2 /* UICollectionViewExtensionSpec.swift in Sources */ = {isa = PBXBuildFile; fileRef = 78D4C85C2BD4F72300A038F2 /* UICollectionViewExtensionSpec.swift */; };
/* End PBXBuildFile section */

/* Begin PBXContainerItemProxy section */
		7810D7872BD4C5A500CB873D /* PBXContainerItemProxy */ = {
			isa = PBXContainerItemProxy;
			containerPortal = 782BD6132BD161AC00FE9D41 /* Project object */;
			proxyType = 1;
			remoteGlobalIDString = 782BD61A2BD161AC00FE9D41;
			remoteInfo = "simple-mvvmc-rx-api";
		};
/* End PBXContainerItemProxy section */

/* Begin PBXCopyFilesBuildPhase section */
		7810D7962BD4C66200CB873D /* Embed Frameworks */ = {
			isa = PBXCopyFilesBuildPhase;
			buildActionMask = 2147483647;
			dstPath = "";
			dstSubfolderSpec = 10;
			files = (
			);
			name = "Embed Frameworks";
			runOnlyForDeploymentPostprocessing = 0;
		};
/* End PBXCopyFilesBuildPhase section */

/* Begin PBXFileReference section */
		7810D7832BD4C5A500CB873D /* simple-mvvmc-rx-apiTests.xctest */ = {isa = PBXFileReference; explicitFileType = wrapper.cfbundle; includeInIndex = 0; path = "simple-mvvmc-rx-apiTests.xctest"; sourceTree = BUILT_PRODUCTS_DIR; };
		7810D7852BD4C5A500CB873D /* JokeDetailViewModelSpec.swift */ = {isa = PBXFileReference; lastKnownFileType = sourcecode.swift; path = JokeDetailViewModelSpec.swift; sourceTree = "<group>"; };
		7810D7932BD4C66200CB873D /* XCTest.framework */ = {isa = PBXFileReference; lastKnownFileType = wrapper.framework; name = XCTest.framework; path = Platforms/iPhoneOS.platform/Developer/Library/Frameworks/XCTest.framework; sourceTree = DEVELOPER_DIR; };
		7810D7972BD4CAEC00CB873D /* JokeListViewModelSpec.swift */ = {isa = PBXFileReference; lastKnownFileType = sourcecode.swift; path = JokeListViewModelSpec.swift; sourceTree = "<group>"; };
		7810D7992BD4CC3D00CB873D /* JokeDetailCoordinatorSpec.swift */ = {isa = PBXFileReference; lastKnownFileType = sourcecode.swift; path = JokeDetailCoordinatorSpec.swift; sourceTree = "<group>"; };
		7810D79B2BD4CD3C00CB873D /* JokeListCoordinatorSpec.swift */ = {isa = PBXFileReference; lastKnownFileType = sourcecode.swift; path = JokeListCoordinatorSpec.swift; sourceTree = "<group>"; };
		7810D79D2BD4CD6E00CB873D /* MockContentRepository.swift */ = {isa = PBXFileReference; lastKnownFileType = sourcecode.swift; path = MockContentRepository.swift; sourceTree = "<group>"; };
		7810D79F2BD4CEF900CB873D /* DependencySpec.swift */ = {isa = PBXFileReference; lastKnownFileType = sourcecode.swift; path = DependencySpec.swift; sourceTree = "<group>"; };
		7810D7A22BD4CF6F00CB873D /* UIViewControllerExtensionSpec.swift */ = {isa = PBXFileReference; lastKnownFileType = sourcecode.swift; path = UIViewControllerExtensionSpec.swift; sourceTree = "<group>"; };
		7810D7A42BD4D06D00CB873D /* CGFloatExtensionSpec.swift */ = {isa = PBXFileReference; lastKnownFileType = sourcecode.swift; path = CGFloatExtensionSpec.swift; sourceTree = "<group>"; };
		7810D7A62BD4D1CB00CB873D /* CollectionExtensionSpec.swift */ = {isa = PBXFileReference; lastKnownFileType = sourcecode.swift; path = CollectionExtensionSpec.swift; sourceTree = "<group>"; };
		7810D7B32BD4D3B600CB873D /* ViewController.swift */ = {isa = PBXFileReference; lastKnownFileType = sourcecode.swift; path = ViewController.swift; sourceTree = "<group>"; };
		7810D7B42BD4D3B600CB873D /* ViewController.xib */ = {isa = PBXFileReference; lastKnownFileType = file.xib; path = ViewController.xib; sourceTree = "<group>"; };
		7810D7B72BD4D44C00CB873D /* ViewControllerSpec.swift */ = {isa = PBXFileReference; lastKnownFileType = sourcecode.swift; path = ViewControllerSpec.swift; sourceTree = "<group>"; };
		7810D7B92BD4D5A500CB873D /* JokeListItemCellSpec.swift */ = {isa = PBXFileReference; lastKnownFileType = sourcecode.swift; path = JokeListItemCellSpec.swift; sourceTree = "<group>"; };
		7810D7C52BD4DBDB00CB873D /* DefaultContentRepositorySpec.swift */ = {isa = PBXFileReference; lastKnownFileType = sourcecode.swift; path = DefaultContentRepositorySpec.swift; sourceTree = "<group>"; };
		7810D7C92BD4E2B500CB873D /* JokeDetailViewControllerSpec.swift */ = {isa = PBXFileReference; lastKnownFileType = sourcecode.swift; path = JokeDetailViewControllerSpec.swift; sourceTree = "<group>"; };
		7810D7CB2BD4E3D700CB873D /* JokeListViewControllerSpec.swift */ = {isa = PBXFileReference; lastKnownFileType = sourcecode.swift; path = JokeListViewControllerSpec.swift; sourceTree = "<group>"; };
		782BD61B2BD161AC00FE9D41 /* simple-mvvmc-rx-api.app */ = {isa = PBXFileReference; explicitFileType = wrapper.application; includeInIndex = 0; path = "simple-mvvmc-rx-api.app"; sourceTree = BUILT_PRODUCTS_DIR; };
		782BD61E2BD161AC00FE9D41 /* AppDelegate.swift */ = {isa = PBXFileReference; lastKnownFileType = sourcecode.swift; path = AppDelegate.swift; sourceTree = "<group>"; };
		782BD6272BD161AD00FE9D41 /* Assets.xcassets */ = {isa = PBXFileReference; lastKnownFileType = folder.assetcatalog; path = Assets.xcassets; sourceTree = "<group>"; };
		782BD62A2BD161AD00FE9D41 /* Base */ = {isa = PBXFileReference; lastKnownFileType = file.storyboard; name = Base; path = Base.lproj/LaunchScreen.storyboard; sourceTree = "<group>"; };
		782BD62C2BD161AD00FE9D41 /* Info.plist */ = {isa = PBXFileReference; lastKnownFileType = text.plist.xml; path = Info.plist; sourceTree = "<group>"; };
		782BD6322BD1622C00FE9D41 /* ViewController.swift */ = {isa = PBXFileReference; lastKnownFileType = sourcecode.swift; path = ViewController.swift; sourceTree = "<group>"; };
		782BD6332BD1622C00FE9D41 /* ViewController.xib */ = {isa = PBXFileReference; lastKnownFileType = file.xib; path = ViewController.xib; sourceTree = "<group>"; };
		7830BDC72BD271B000AEC5C4 /* JokeModel.swift */ = {isa = PBXFileReference; lastKnownFileType = sourcecode.swift; path = JokeModel.swift; sourceTree = "<group>"; };
		7830BDCA2BD2723200AEC5C4 /* NetworkClient.swift */ = {isa = PBXFileReference; lastKnownFileType = sourcecode.swift; path = NetworkClient.swift; sourceTree = "<group>"; };
		7830BDCC2BD2723E00AEC5C4 /* DefaultNetworkClient.swift */ = {isa = PBXFileReference; lastKnownFileType = sourcecode.swift; path = DefaultNetworkClient.swift; sourceTree = "<group>"; };
		7830BDCF2BD272B300AEC5C4 /* ContentRepository.swift */ = {isa = PBXFileReference; lastKnownFileType = sourcecode.swift; path = ContentRepository.swift; sourceTree = "<group>"; };
		7830BDD12BD272C200AEC5C4 /* DefaultContentRepository.swift */ = {isa = PBXFileReference; lastKnownFileType = sourcecode.swift; path = DefaultContentRepository.swift; sourceTree = "<group>"; };
		7830BDD32BD2735E00AEC5C4 /* JokeListViewModel.swift */ = {isa = PBXFileReference; lastKnownFileType = sourcecode.swift; path = JokeListViewModel.swift; sourceTree = "<group>"; };
		7830BDD52BD275DB00AEC5C4 /* JokeListViewController.swift */ = {isa = PBXFileReference; lastKnownFileType = sourcecode.swift; path = JokeListViewController.swift; sourceTree = "<group>"; };
		7830BDD62BD275DB00AEC5C4 /* JokeListViewController.xib */ = {isa = PBXFileReference; lastKnownFileType = file.xib; path = JokeListViewController.xib; sourceTree = "<group>"; };
		7830BDD92BD2798100AEC5C4 /* JokeListItemCell.swift */ = {isa = PBXFileReference; lastKnownFileType = sourcecode.swift; path = JokeListItemCell.swift; sourceTree = "<group>"; };
		7830BDDA2BD2798100AEC5C4 /* JokeListItemCell.xib */ = {isa = PBXFileReference; lastKnownFileType = file.xib; path = JokeListItemCell.xib; sourceTree = "<group>"; };
		7830BDDE2BD2800100AEC5C4 /* CGFloatExtension.swift */ = {isa = PBXFileReference; lastKnownFileType = sourcecode.swift; path = CGFloatExtension.swift; sourceTree = "<group>"; };
		7830BDE02BD2830200AEC5C4 /* CollectionExtension.swift */ = {isa = PBXFileReference; lastKnownFileType = sourcecode.swift; path = CollectionExtension.swift; sourceTree = "<group>"; };
		78383EC22BD3EA30003024A8 /* JokeDetailViewModel.swift */ = {isa = PBXFileReference; lastKnownFileType = sourcecode.swift; path = JokeDetailViewModel.swift; sourceTree = "<group>"; };
		78383EC42BD3EB5A003024A8 /* JokeDetailViewController.swift */ = {isa = PBXFileReference; lastKnownFileType = sourcecode.swift; path = JokeDetailViewController.swift; sourceTree = "<group>"; };
		78383EC52BD3EB5A003024A8 /* JokeDetailViewController.xib */ = {isa = PBXFileReference; lastKnownFileType = file.xib; path = JokeDetailViewController.xib; sourceTree = "<group>"; };
		78383ECC2BD40043003024A8 /* UIViewControllerExtension.swift */ = {isa = PBXFileReference; lastKnownFileType = sourcecode.swift; path = UIViewControllerExtension.swift; sourceTree = "<group>"; };
		78383ECE2BD401A1003024A8 /* JokeListCoordinator.swift */ = {isa = PBXFileReference; lastKnownFileType = sourcecode.swift; path = JokeListCoordinator.swift; sourceTree = "<group>"; };
		78383ED02BD40254003024A8 /* AppCoordinator.swift */ = {isa = PBXFileReference; lastKnownFileType = sourcecode.swift; path = AppCoordinator.swift; sourceTree = "<group>"; };
		78383ED22BD403EB003024A8 /* JokeDetailCoordinator.swift */ = {isa = PBXFileReference; lastKnownFileType = sourcecode.swift; path = JokeDetailCoordinator.swift; sourceTree = "<group>"; };
		78383EDA2BD40C4B003024A8 /* DependencyContainer.swift */ = {isa = PBXFileReference; lastKnownFileType = sourcecode.swift; path = DependencyContainer.swift; sourceTree = "<group>"; };
		78383EE02BD40EC6003024A8 /* UICollectionViewExtension.swift */ = {isa = PBXFileReference; lastKnownFileType = sourcecode.swift; path = UICollectionViewExtension.swift; sourceTree = "<group>"; };
		78383EE22BD40ED3003024A8 /* NSObjectExtension.swift */ = {isa = PBXFileReference; lastKnownFileType = sourcecode.swift; path = NSObjectExtension.swift; sourceTree = "<group>"; };
		78D4C8552BD4EC2B00A038F2 /* AppCoordinatorSpec.swift */ = {isa = PBXFileReference; lastKnownFileType = sourcecode.swift; path = AppCoordinatorSpec.swift; sourceTree = "<group>"; };
		78D4C8572BD4ED5B00A038F2 /* JokeModelSpec.swift */ = {isa = PBXFileReference; lastKnownFileType = sourcecode.swift; path = JokeModelSpec.swift; sourceTree = "<group>"; };
		78D4C85A2BD4EFE900A038F2 /* DefaultNetworkClientSpec.swift */ = {isa = PBXFileReference; lastKnownFileType = sourcecode.swift; path = DefaultNetworkClientSpec.swift; sourceTree = "<group>"; };
		78D4C85C2BD4F72300A038F2 /* UICollectionViewExtensionSpec.swift */ = {isa = PBXFileReference; lastKnownFileType = sourcecode.swift; path = UICollectionViewExtensionSpec.swift; sourceTree = "<group>"; };
/* End PBXFileReference section */

/* Begin PBXFrameworksBuildPhase section */
		7810D7802BD4C5A500CB873D /* Frameworks */ = {
			isa = PBXFrameworksBuildPhase;
			buildActionMask = 2147483647;
			files = (
				7834AAD82BD63DD8006F6FA0 /* RxTest in Frameworks */,
				7834AAEA2BD63E29006F6FA0 /* Nimble in Frameworks */,
				7834AADA2BD63DD8006F6FA0 /* RxTest-Dynamic in Frameworks */,
				7834AAE72BD63E1C006F6FA0 /* Quick in Frameworks */,
			);
			runOnlyForDeploymentPostprocessing = 0;
		};
		782BD6182BD161AC00FE9D41 /* Frameworks */ = {
			isa = PBXFrameworksBuildPhase;
			buildActionMask = 2147483647;
			files = (
				7834AAD62BD63DD8006F6FA0 /* RxSwift-Dynamic in Frameworks */,
				7834AAE22BD63E09006F6FA0 /* Alamofire in Frameworks */,
				7834AADF2BD63DF3006F6FA0 /* Swinject-Dynamic in Frameworks */,
				7834AACC2BD63DD8006F6FA0 /* RxCocoa in Frameworks */,
				7810D7942BD4C66200CB873D /* XCTest.framework in Frameworks */,
				7834AAD42BD63DD8006F6FA0 /* RxSwift in Frameworks */,
				7834AAE42BD63E09006F6FA0 /* AlamofireDynamic in Frameworks */,
				7834AAD02BD63DD8006F6FA0 /* RxRelay in Frameworks */,
				7834AAD22BD63DD8006F6FA0 /* RxRelay-Dynamic in Frameworks */,
				7834AADD2BD63DF3006F6FA0 /* Swinject in Frameworks */,
				7834AAC82BD63DD8006F6FA0 /* RxBlocking in Frameworks */,
				7834AACA2BD63DD8006F6FA0 /* RxBlocking-Dynamic in Frameworks */,
				7834AACE2BD63DD8006F6FA0 /* RxCocoa-Dynamic in Frameworks */,
			);
			runOnlyForDeploymentPostprocessing = 0;
		};
/* End PBXFrameworksBuildPhase section */

/* Begin PBXGroup section */
		7810D7842BD4C5A500CB873D /* simple-mvvmc-rx-apiTests */ = {
			isa = PBXGroup;
			children = (
				78D4C8592BD4EFD700A038F2 /* NetworkClient */,
				7810D7A12BD4CF5F00CB873D /* Extensions */,
				7810D7A82BD4D27B00CB873D /* Common */,
				7810D7A92BD4D28200CB873D /* Repository */,
				7810D7AC2BD4D2A800CB873D /* Features */,
				7810D7B72BD4D44C00CB873D /* ViewControllerSpec.swift */,
				78D4C8552BD4EC2B00A038F2 /* AppCoordinatorSpec.swift */,
			);
			path = "simple-mvvmc-rx-apiTests";
			sourceTree = "<group>";
		};
		7810D7922BD4C66200CB873D /* Frameworks */ = {
			isa = PBXGroup;
			children = (
				7810D7932BD4C66200CB873D /* XCTest.framework */,
			);
			name = Frameworks;
			sourceTree = "<group>";
		};
		7810D7A12BD4CF5F00CB873D /* Extensions */ = {
			isa = PBXGroup;
			children = (
				7810D7A22BD4CF6F00CB873D /* UIViewControllerExtensionSpec.swift */,
				7810D7A42BD4D06D00CB873D /* CGFloatExtensionSpec.swift */,
				7810D7A62BD4D1CB00CB873D /* CollectionExtensionSpec.swift */,
				78D4C85C2BD4F72300A038F2 /* UICollectionViewExtensionSpec.swift */,
			);
			path = Extensions;
			sourceTree = "<group>";
		};
		7810D7A82BD4D27B00CB873D /* Common */ = {
			isa = PBXGroup;
			children = (
				7810D79F2BD4CEF900CB873D /* DependencySpec.swift */,
			);
			path = Common;
			sourceTree = "<group>";
		};
		7810D7A92BD4D28200CB873D /* Repository */ = {
			isa = PBXGroup;
			children = (
				7810D79D2BD4CD6E00CB873D /* MockContentRepository.swift */,
				7810D7C52BD4DBDB00CB873D /* DefaultContentRepositorySpec.swift */,
			);
			path = Repository;
			sourceTree = "<group>";
		};
		7810D7AA2BD4D29400CB873D /* JokeDetail */ = {
			isa = PBXGroup;
			children = (
				7810D7852BD4C5A500CB873D /* JokeDetailViewModelSpec.swift */,
				7810D7992BD4CC3D00CB873D /* JokeDetailCoordinatorSpec.swift */,
				7810D7C92BD4E2B500CB873D /* JokeDetailViewControllerSpec.swift */,
			);
			path = JokeDetail;
			sourceTree = "<group>";
		};
		7810D7AB2BD4D29B00CB873D /* JokeList */ = {
			isa = PBXGroup;
			children = (
				7810D79B2BD4CD3C00CB873D /* JokeListCoordinatorSpec.swift */,
				78D4C8572BD4ED5B00A038F2 /* JokeModelSpec.swift */,
				7810D7972BD4CAEC00CB873D /* JokeListViewModelSpec.swift */,
				7810D7B92BD4D5A500CB873D /* JokeListItemCellSpec.swift */,
				7810D7CB2BD4E3D700CB873D /* JokeListViewControllerSpec.swift */,
			);
			path = JokeList;
			sourceTree = "<group>";
		};
		7810D7AC2BD4D2A800CB873D /* Features */ = {
			isa = PBXGroup;
			children = (
				7810D7AB2BD4D29B00CB873D /* JokeList */,
				7810D7AA2BD4D29400CB873D /* JokeDetail */,
			);
			path = Features;
			sourceTree = "<group>";
		};
		7810D7AE2BD4D33F00CB873D /* Recovered References */ = {
			isa = PBXGroup;
			children = (
				782BD6322BD1622C00FE9D41 /* ViewController.swift */,
				782BD6332BD1622C00FE9D41 /* ViewController.xib */,
			);
			name = "Recovered References";
			sourceTree = "<group>";
		};
		782BD6122BD161AC00FE9D41 = {
			isa = PBXGroup;
			children = (
				782BD61D2BD161AC00FE9D41 /* simple-mvvmc-rx-api */,
				7810D7842BD4C5A500CB873D /* simple-mvvmc-rx-apiTests */,
				782BD61C2BD161AC00FE9D41 /* Products */,
				7810D7922BD4C66200CB873D /* Frameworks */,
				7810D7AE2BD4D33F00CB873D /* Recovered References */,
			);
			sourceTree = "<group>";
		};
		782BD61C2BD161AC00FE9D41 /* Products */ = {
			isa = PBXGroup;
			children = (
				782BD61B2BD161AC00FE9D41 /* simple-mvvmc-rx-api.app */,
				7810D7832BD4C5A500CB873D /* simple-mvvmc-rx-apiTests.xctest */,
			);
			name = Products;
			sourceTree = "<group>";
		};
		782BD61D2BD161AC00FE9D41 /* simple-mvvmc-rx-api */ = {
			isa = PBXGroup;
			children = (
				782BD61E2BD161AC00FE9D41 /* AppDelegate.swift */,
				78383ED02BD40254003024A8 /* AppCoordinator.swift */,
				78383ED92BD40C3F003024A8 /* Common */,
				7830BDDD2BD27FF300AEC5C4 /* Extensions */,
				7830BDC92BD271F000AEC5C4 /* NetworkClient */,
				7830BDCE2BD2729E00AEC5C4 /* Repository */,
				7830BDC52BD271A200AEC5C4 /* Features */,
				7810D7B32BD4D3B600CB873D /* ViewController.swift */,
				7810D7B42BD4D3B600CB873D /* ViewController.xib */,
				782BD6272BD161AD00FE9D41 /* Assets.xcassets */,
				782BD6292BD161AD00FE9D41 /* LaunchScreen.storyboard */,
				782BD62C2BD161AD00FE9D41 /* Info.plist */,
			);
			path = "simple-mvvmc-rx-api";
			sourceTree = "<group>";
		};
		7830BDC52BD271A200AEC5C4 /* Features */ = {
			isa = PBXGroup;
			children = (
				7830BDC62BD271A800AEC5C4 /* JokeList */,
				78383EC12BD3EA1F003024A8 /* JokeDetail */,
			);
			path = Features;
			sourceTree = "<group>";
		};
		7830BDC62BD271A800AEC5C4 /* JokeList */ = {
			isa = PBXGroup;
			children = (
				7830BDC72BD271B000AEC5C4 /* JokeModel.swift */,
				7830BDD32BD2735E00AEC5C4 /* JokeListViewModel.swift */,
				7830BDD92BD2798100AEC5C4 /* JokeListItemCell.swift */,
				7830BDDA2BD2798100AEC5C4 /* JokeListItemCell.xib */,
				7830BDD52BD275DB00AEC5C4 /* JokeListViewController.swift */,
				7830BDD62BD275DB00AEC5C4 /* JokeListViewController.xib */,
				78383ECE2BD401A1003024A8 /* JokeListCoordinator.swift */,
			);
			path = JokeList;
			sourceTree = "<group>";
		};
		7830BDC92BD271F000AEC5C4 /* NetworkClient */ = {
			isa = PBXGroup;
			children = (
				7830BDCA2BD2723200AEC5C4 /* NetworkClient.swift */,
				7830BDCC2BD2723E00AEC5C4 /* DefaultNetworkClient.swift */,
			);
			path = NetworkClient;
			sourceTree = "<group>";
		};
		7830BDCE2BD2729E00AEC5C4 /* Repository */ = {
			isa = PBXGroup;
			children = (
				7830BDCF2BD272B300AEC5C4 /* ContentRepository.swift */,
				7830BDD12BD272C200AEC5C4 /* DefaultContentRepository.swift */,
			);
			path = Repository;
			sourceTree = "<group>";
		};
		7830BDDD2BD27FF300AEC5C4 /* Extensions */ = {
			isa = PBXGroup;
			children = (
				7830BDDE2BD2800100AEC5C4 /* CGFloatExtension.swift */,
				78383ECC2BD40043003024A8 /* UIViewControllerExtension.swift */,
				7830BDE02BD2830200AEC5C4 /* CollectionExtension.swift */,
				78383EE02BD40EC6003024A8 /* UICollectionViewExtension.swift */,
				78383EE22BD40ED3003024A8 /* NSObjectExtension.swift */,
			);
			path = Extensions;
			sourceTree = "<group>";
		};
		78383EC12BD3EA1F003024A8 /* JokeDetail */ = {
			isa = PBXGroup;
			children = (
				78383EC22BD3EA30003024A8 /* JokeDetailViewModel.swift */,
				78383EC42BD3EB5A003024A8 /* JokeDetailViewController.swift */,
				78383EC52BD3EB5A003024A8 /* JokeDetailViewController.xib */,
				78383ED22BD403EB003024A8 /* JokeDetailCoordinator.swift */,
			);
			path = JokeDetail;
			sourceTree = "<group>";
		};
		78383ED92BD40C3F003024A8 /* Common */ = {
			isa = PBXGroup;
			children = (
				78383EDA2BD40C4B003024A8 /* DependencyContainer.swift */,
			);
			path = Common;
			sourceTree = "<group>";
		};
		78D4C8592BD4EFD700A038F2 /* NetworkClient */ = {
			isa = PBXGroup;
			children = (
				78D4C85A2BD4EFE900A038F2 /* DefaultNetworkClientSpec.swift */,
			);
			path = NetworkClient;
			sourceTree = "<group>";
		};
/* End PBXGroup section */

/* Begin PBXNativeTarget section */
		7810D7822BD4C5A500CB873D /* simple-mvvmc-rx-apiTests */ = {
			isa = PBXNativeTarget;
			buildConfigurationList = 7810D7892BD4C5A500CB873D /* Build configuration list for PBXNativeTarget "simple-mvvmc-rx-apiTests" */;
			buildPhases = (
				7810D77F2BD4C5A500CB873D /* Sources */,
				7810D7802BD4C5A500CB873D /* Frameworks */,
				7810D7812BD4C5A500CB873D /* Resources */,
			);
			buildRules = (
			);
			dependencies = (
				7810D7882BD4C5A500CB873D /* PBXTargetDependency */,
			);
			name = "simple-mvvmc-rx-apiTests";
			packageProductDependencies = (
				7834AAD72BD63DD8006F6FA0 /* RxTest */,
				7834AAD92BD63DD8006F6FA0 /* RxTest-Dynamic */,
				7834AAE62BD63E1C006F6FA0 /* Quick */,
				7834AAE92BD63E29006F6FA0 /* Nimble */,
			);
			productName = "simple-mvvmc-rx-apiTests";
			productReference = 7810D7832BD4C5A500CB873D /* simple-mvvmc-rx-apiTests.xctest */;
			productType = "com.apple.product-type.bundle.unit-test";
		};
		782BD61A2BD161AC00FE9D41 /* simple-mvvmc-rx-api */ = {
			isa = PBXNativeTarget;
			buildConfigurationList = 782BD62F2BD161AD00FE9D41 /* Build configuration list for PBXNativeTarget "simple-mvvmc-rx-api" */;
			buildPhases = (
				782BD6172BD161AC00FE9D41 /* Sources */,
				782BD6182BD161AC00FE9D41 /* Frameworks */,
				782BD6192BD161AC00FE9D41 /* Resources */,
				7810D7962BD4C66200CB873D /* Embed Frameworks */,
			);
			buildRules = (
			);
			dependencies = (
			);
			name = "simple-mvvmc-rx-api";
			packageProductDependencies = (
				7834AAC72BD63DD8006F6FA0 /* RxBlocking */,
				7834AAC92BD63DD8006F6FA0 /* RxBlocking-Dynamic */,
				7834AACB2BD63DD8006F6FA0 /* RxCocoa */,
				7834AACD2BD63DD8006F6FA0 /* RxCocoa-Dynamic */,
				7834AACF2BD63DD8006F6FA0 /* RxRelay */,
				7834AAD12BD63DD8006F6FA0 /* RxRelay-Dynamic */,
				7834AAD32BD63DD8006F6FA0 /* RxSwift */,
				7834AAD52BD63DD8006F6FA0 /* RxSwift-Dynamic */,
				7834AADC2BD63DF3006F6FA0 /* Swinject */,
				7834AADE2BD63DF3006F6FA0 /* Swinject-Dynamic */,
				7834AAE12BD63E09006F6FA0 /* Alamofire */,
				7834AAE32BD63E09006F6FA0 /* AlamofireDynamic */,
			);
			productName = "simple-mvvmc-rx-api";
			productReference = 782BD61B2BD161AC00FE9D41 /* simple-mvvmc-rx-api.app */;
			productType = "com.apple.product-type.application";
		};
/* End PBXNativeTarget section */

/* Begin PBXProject section */
		782BD6132BD161AC00FE9D41 /* Project object */ = {
			isa = PBXProject;
			attributes = {
				BuildIndependentTargetsInParallel = 1;
				LastSwiftUpdateCheck = 1510;
				LastUpgradeCheck = 1510;
				TargetAttributes = {
					7810D7822BD4C5A500CB873D = {
						CreatedOnToolsVersion = 15.1;
						TestTargetID = 782BD61A2BD161AC00FE9D41;
					};
					782BD61A2BD161AC00FE9D41 = {
						CreatedOnToolsVersion = 15.1;
					};
				};
			};
			buildConfigurationList = 782BD6162BD161AC00FE9D41 /* Build configuration list for PBXProject "simple-mvvmc-rx-api" */;
			compatibilityVersion = "Xcode 14.0";
			developmentRegion = en;
			hasScannedForEncodings = 0;
			knownRegions = (
				en,
				Base,
			);
			mainGroup = 782BD6122BD161AC00FE9D41;
			packageReferences = (
				7834AAC62BD63DD8006F6FA0 /* XCRemoteSwiftPackageReference "RxSwift" */,
				7834AADB2BD63DF3006F6FA0 /* XCRemoteSwiftPackageReference "Swinject" */,
				7834AAE02BD63E09006F6FA0 /* XCRemoteSwiftPackageReference "Alamofire" */,
				7834AAE52BD63E1C006F6FA0 /* XCRemoteSwiftPackageReference "Quick" */,
				7834AAE82BD63E29006F6FA0 /* XCRemoteSwiftPackageReference "Nimble" */,
			);
			productRefGroup = 782BD61C2BD161AC00FE9D41 /* Products */;
			projectDirPath = "";
			projectRoot = "";
			targets = (
				782BD61A2BD161AC00FE9D41 /* simple-mvvmc-rx-api */,
				7810D7822BD4C5A500CB873D /* simple-mvvmc-rx-apiTests */,
			);
		};
/* End PBXProject section */

/* Begin PBXResourcesBuildPhase section */
		7810D7812BD4C5A500CB873D /* Resources */ = {
			isa = PBXResourcesBuildPhase;
			buildActionMask = 2147483647;
			files = (
			);
			runOnlyForDeploymentPostprocessing = 0;
		};
		782BD6192BD161AC00FE9D41 /* Resources */ = {
			isa = PBXResourcesBuildPhase;
			buildActionMask = 2147483647;
			files = (
				7810D7B62BD4D3B600CB873D /* ViewController.xib in Resources */,
				78383EC72BD3EB5A003024A8 /* JokeDetailViewController.xib in Resources */,
				782BD62B2BD161AD00FE9D41 /* LaunchScreen.storyboard in Resources */,
				7830BDDC2BD2798100AEC5C4 /* JokeListItemCell.xib in Resources */,
				782BD6282BD161AD00FE9D41 /* Assets.xcassets in Resources */,
				7830BDD82BD275DB00AEC5C4 /* JokeListViewController.xib in Resources */,
			);
			runOnlyForDeploymentPostprocessing = 0;
		};
/* End PBXResourcesBuildPhase section */

/* Begin PBXSourcesBuildPhase section */
		7810D77F2BD4C5A500CB873D /* Sources */ = {
			isa = PBXSourcesBuildPhase;
			buildActionMask = 2147483647;
			files = (
				7810D79C2BD4CD3C00CB873D /* JokeListCoordinatorSpec.swift in Sources */,
				7810D7A02BD4CEF900CB873D /* DependencySpec.swift in Sources */,
				7810D7A72BD4D1CB00CB873D /* CollectionExtensionSpec.swift in Sources */,
				78D4C8582BD4ED5B00A038F2 /* JokeModelSpec.swift in Sources */,
				78D4C85B2BD4EFE900A038F2 /* DefaultNetworkClientSpec.swift in Sources */,
				7810D7B82BD4D44C00CB873D /* ViewControllerSpec.swift in Sources */,
				7810D7982BD4CAEC00CB873D /* JokeListViewModelSpec.swift in Sources */,
				7810D7CA2BD4E2B500CB873D /* JokeDetailViewControllerSpec.swift in Sources */,
				7810D7CC2BD4E3D700CB873D /* JokeListViewControllerSpec.swift in Sources */,
				78D4C85D2BD4F72300A038F2 /* UICollectionViewExtensionSpec.swift in Sources */,
				7810D7BA2BD4D5A500CB873D /* JokeListItemCellSpec.swift in Sources */,
				7810D79A2BD4CC3D00CB873D /* JokeDetailCoordinatorSpec.swift in Sources */,
				7810D7862BD4C5A500CB873D /* JokeDetailViewModelSpec.swift in Sources */,
				78D4C8562BD4EC2B00A038F2 /* AppCoordinatorSpec.swift in Sources */,
				7810D7C62BD4DBDB00CB873D /* DefaultContentRepositorySpec.swift in Sources */,
				7810D7A52BD4D06D00CB873D /* CGFloatExtensionSpec.swift in Sources */,
				7810D79E2BD4CD6E00CB873D /* MockContentRepository.swift in Sources */,
				7810D7A32BD4CF6F00CB873D /* UIViewControllerExtensionSpec.swift in Sources */,
			);
			runOnlyForDeploymentPostprocessing = 0;
		};
		782BD6172BD161AC00FE9D41 /* Sources */ = {
			isa = PBXSourcesBuildPhase;
			buildActionMask = 2147483647;
			files = (
				78383EC32BD3EA30003024A8 /* JokeDetailViewModel.swift in Sources */,
				7830BDD22BD272C200AEC5C4 /* DefaultContentRepository.swift in Sources */,
				78383EDB2BD40C4B003024A8 /* DependencyContainer.swift in Sources */,
				78383ED12BD40254003024A8 /* AppCoordinator.swift in Sources */,
				7810D7B52BD4D3B600CB873D /* ViewController.swift in Sources */,
				78383EE12BD40EC6003024A8 /* UICollectionViewExtension.swift in Sources */,
				78383ECD2BD40043003024A8 /* UIViewControllerExtension.swift in Sources */,
				78383EE32BD40ED3003024A8 /* NSObjectExtension.swift in Sources */,
				7830BDD02BD272B300AEC5C4 /* ContentRepository.swift in Sources */,
				7830BDD72BD275DB00AEC5C4 /* JokeListViewController.swift in Sources */,
				7830BDD42BD2735E00AEC5C4 /* JokeListViewModel.swift in Sources */,
				7830BDE12BD2830200AEC5C4 /* CollectionExtension.swift in Sources */,
				782BD61F2BD161AC00FE9D41 /* AppDelegate.swift in Sources */,
				78383ED32BD403EC003024A8 /* JokeDetailCoordinator.swift in Sources */,
				7830BDC82BD271B000AEC5C4 /* JokeModel.swift in Sources */,
				7830BDCD2BD2723E00AEC5C4 /* DefaultNetworkClient.swift in Sources */,
				7830BDDB2BD2798100AEC5C4 /* JokeListItemCell.swift in Sources */,
				7830BDCB2BD2723200AEC5C4 /* NetworkClient.swift in Sources */,
				78383ECF2BD401A1003024A8 /* JokeListCoordinator.swift in Sources */,
				78383EC62BD3EB5A003024A8 /* JokeDetailViewController.swift in Sources */,
				7830BDDF2BD2800100AEC5C4 /* CGFloatExtension.swift in Sources */,
			);
			runOnlyForDeploymentPostprocessing = 0;
		};
/* End PBXSourcesBuildPhase section */

/* Begin PBXTargetDependency section */
		7810D7882BD4C5A500CB873D /* PBXTargetDependency */ = {
			isa = PBXTargetDependency;
			target = 782BD61A2BD161AC00FE9D41 /* simple-mvvmc-rx-api */;
			targetProxy = 7810D7872BD4C5A500CB873D /* PBXContainerItemProxy */;
		};
/* End PBXTargetDependency section */

/* Begin PBXVariantGroup section */
		782BD6292BD161AD00FE9D41 /* LaunchScreen.storyboard */ = {
			isa = PBXVariantGroup;
			children = (
				782BD62A2BD161AD00FE9D41 /* Base */,
			);
			name = LaunchScreen.storyboard;
			sourceTree = "<group>";
		};
/* End PBXVariantGroup section */

/* Begin XCBuildConfiguration section */
		7810D78A2BD4C5A500CB873D /* Debug */ = {
			isa = XCBuildConfiguration;
			buildSettings = {
				BUNDLE_LOADER = "$(TEST_HOST)";
				CODE_SIGN_STYLE = Automatic;
				CURRENT_PROJECT_VERSION = 1;
				DEVELOPMENT_TEAM = WCTUNB2T49;
				GENERATE_INFOPLIST_FILE = YES;
				MARKETING_VERSION = 1.0;
				PRODUCT_BUNDLE_IDENTIFIER = "com.stevhen.simple-mvvmc-rx-apiTests";
				PRODUCT_NAME = "$(TARGET_NAME)";
				SWIFT_EMIT_LOC_STRINGS = NO;
				SWIFT_VERSION = 5.0;
				TARGETED_DEVICE_FAMILY = "1,2";
				TEST_HOST = "$(BUILT_PRODUCTS_DIR)/simple-mvvmc-rx-api.app/$(BUNDLE_EXECUTABLE_FOLDER_PATH)/simple-mvvmc-rx-api";
			};
			name = Debug;
		};
		7810D78B2BD4C5A500CB873D /* Release */ = {
			isa = XCBuildConfiguration;
			buildSettings = {
				BUNDLE_LOADER = "$(TEST_HOST)";
				CODE_SIGN_STYLE = Automatic;
				CURRENT_PROJECT_VERSION = 1;
				DEVELOPMENT_TEAM = WCTUNB2T49;
				GENERATE_INFOPLIST_FILE = YES;
				MARKETING_VERSION = 1.0;
				PRODUCT_BUNDLE_IDENTIFIER = "com.stevhen.simple-mvvmc-rx-apiTests";
				PRODUCT_NAME = "$(TARGET_NAME)";
				SWIFT_EMIT_LOC_STRINGS = NO;
				SWIFT_VERSION = 5.0;
				TARGETED_DEVICE_FAMILY = "1,2";
				TEST_HOST = "$(BUILT_PRODUCTS_DIR)/simple-mvvmc-rx-api.app/$(BUNDLE_EXECUTABLE_FOLDER_PATH)/simple-mvvmc-rx-api";
			};
			name = Release;
		};
		782BD62D2BD161AD00FE9D41 /* Debug */ = {
			isa = XCBuildConfiguration;
			buildSettings = {
				ALWAYS_SEARCH_USER_PATHS = NO;
				ASSETCATALOG_COMPILER_GENERATE_SWIFT_ASSET_SYMBOL_EXTENSIONS = YES;
				CLANG_ANALYZER_NONNULL = YES;
				CLANG_ANALYZER_NUMBER_OBJECT_CONVERSION = YES_AGGRESSIVE;
				CLANG_CXX_LANGUAGE_STANDARD = "gnu++20";
				CLANG_ENABLE_MODULES = YES;
				CLANG_ENABLE_OBJC_ARC = YES;
				CLANG_ENABLE_OBJC_WEAK = YES;
				CLANG_WARN_BLOCK_CAPTURE_AUTORELEASING = YES;
				CLANG_WARN_BOOL_CONVERSION = YES;
				CLANG_WARN_COMMA = YES;
				CLANG_WARN_CONSTANT_CONVERSION = YES;
				CLANG_WARN_DEPRECATED_OBJC_IMPLEMENTATIONS = YES;
				CLANG_WARN_DIRECT_OBJC_ISA_USAGE = YES_ERROR;
				CLANG_WARN_DOCUMENTATION_COMMENTS = YES;
				CLANG_WARN_EMPTY_BODY = YES;
				CLANG_WARN_ENUM_CONVERSION = YES;
				CLANG_WARN_INFINITE_RECURSION = YES;
				CLANG_WARN_INT_CONVERSION = YES;
				CLANG_WARN_NON_LITERAL_NULL_CONVERSION = YES;
				CLANG_WARN_OBJC_IMPLICIT_RETAIN_SELF = YES;
				CLANG_WARN_OBJC_LITERAL_CONVERSION = YES;
				CLANG_WARN_OBJC_ROOT_CLASS = YES_ERROR;
				CLANG_WARN_QUOTED_INCLUDE_IN_FRAMEWORK_HEADER = YES;
				CLANG_WARN_RANGE_LOOP_ANALYSIS = YES;
				CLANG_WARN_STRICT_PROTOTYPES = YES;
				CLANG_WARN_SUSPICIOUS_MOVE = YES;
				CLANG_WARN_UNGUARDED_AVAILABILITY = YES_AGGRESSIVE;
				CLANG_WARN_UNREACHABLE_CODE = YES;
				CLANG_WARN__DUPLICATE_METHOD_MATCH = YES;
				COPY_PHASE_STRIP = NO;
				DEBUG_INFORMATION_FORMAT = dwarf;
				ENABLE_STRICT_OBJC_MSGSEND = YES;
				ENABLE_TESTABILITY = YES;
				ENABLE_USER_SCRIPT_SANDBOXING = YES;
				GCC_C_LANGUAGE_STANDARD = gnu17;
				GCC_DYNAMIC_NO_PIC = NO;
				GCC_NO_COMMON_BLOCKS = YES;
				GCC_OPTIMIZATION_LEVEL = 0;
				GCC_PREPROCESSOR_DEFINITIONS = (
					"DEBUG=1",
					"$(inherited)",
				);
				GCC_WARN_64_TO_32_BIT_CONVERSION = YES;
				GCC_WARN_ABOUT_RETURN_TYPE = YES_ERROR;
				GCC_WARN_UNDECLARED_SELECTOR = YES;
				GCC_WARN_UNINITIALIZED_AUTOS = YES_AGGRESSIVE;
				GCC_WARN_UNUSED_FUNCTION = YES;
				GCC_WARN_UNUSED_VARIABLE = YES;
				IPHONEOS_DEPLOYMENT_TARGET = 17.2;
				LOCALIZATION_PREFERS_STRING_CATALOGS = YES;
				MTL_ENABLE_DEBUG_INFO = INCLUDE_SOURCE;
				MTL_FAST_MATH = YES;
				ONLY_ACTIVE_ARCH = YES;
				SDKROOT = iphoneos;
				SWIFT_ACTIVE_COMPILATION_CONDITIONS = "DEBUG $(inherited)";
				SWIFT_OPTIMIZATION_LEVEL = "-Onone";
			};
			name = Debug;
		};
		782BD62E2BD161AD00FE9D41 /* Release */ = {
			isa = XCBuildConfiguration;
			buildSettings = {
				ALWAYS_SEARCH_USER_PATHS = NO;
				ASSETCATALOG_COMPILER_GENERATE_SWIFT_ASSET_SYMBOL_EXTENSIONS = YES;
				CLANG_ANALYZER_NONNULL = YES;
				CLANG_ANALYZER_NUMBER_OBJECT_CONVERSION = YES_AGGRESSIVE;
				CLANG_CXX_LANGUAGE_STANDARD = "gnu++20";
				CLANG_ENABLE_MODULES = YES;
				CLANG_ENABLE_OBJC_ARC = YES;
				CLANG_ENABLE_OBJC_WEAK = YES;
				CLANG_WARN_BLOCK_CAPTURE_AUTORELEASING = YES;
				CLANG_WARN_BOOL_CONVERSION = YES;
				CLANG_WARN_COMMA = YES;
				CLANG_WARN_CONSTANT_CONVERSION = YES;
				CLANG_WARN_DEPRECATED_OBJC_IMPLEMENTATIONS = YES;
				CLANG_WARN_DIRECT_OBJC_ISA_USAGE = YES_ERROR;
				CLANG_WARN_DOCUMENTATION_COMMENTS = YES;
				CLANG_WARN_EMPTY_BODY = YES;
				CLANG_WARN_ENUM_CONVERSION = YES;
				CLANG_WARN_INFINITE_RECURSION = YES;
				CLANG_WARN_INT_CONVERSION = YES;
				CLANG_WARN_NON_LITERAL_NULL_CONVERSION = YES;
				CLANG_WARN_OBJC_IMPLICIT_RETAIN_SELF = YES;
				CLANG_WARN_OBJC_LITERAL_CONVERSION = YES;
				CLANG_WARN_OBJC_ROOT_CLASS = YES_ERROR;
				CLANG_WARN_QUOTED_INCLUDE_IN_FRAMEWORK_HEADER = YES;
				CLANG_WARN_RANGE_LOOP_ANALYSIS = YES;
				CLANG_WARN_STRICT_PROTOTYPES = YES;
				CLANG_WARN_SUSPICIOUS_MOVE = YES;
				CLANG_WARN_UNGUARDED_AVAILABILITY = YES_AGGRESSIVE;
				CLANG_WARN_UNREACHABLE_CODE = YES;
				CLANG_WARN__DUPLICATE_METHOD_MATCH = YES;
				COPY_PHASE_STRIP = NO;
				DEBUG_INFORMATION_FORMAT = "dwarf-with-dsym";
				ENABLE_NS_ASSERTIONS = NO;
				ENABLE_STRICT_OBJC_MSGSEND = YES;
				ENABLE_USER_SCRIPT_SANDBOXING = YES;
				GCC_C_LANGUAGE_STANDARD = gnu17;
				GCC_NO_COMMON_BLOCKS = YES;
				GCC_WARN_64_TO_32_BIT_CONVERSION = YES;
				GCC_WARN_ABOUT_RETURN_TYPE = YES_ERROR;
				GCC_WARN_UNDECLARED_SELECTOR = YES;
				GCC_WARN_UNINITIALIZED_AUTOS = YES_AGGRESSIVE;
				GCC_WARN_UNUSED_FUNCTION = YES;
				GCC_WARN_UNUSED_VARIABLE = YES;
				IPHONEOS_DEPLOYMENT_TARGET = 17.2;
				LOCALIZATION_PREFERS_STRING_CATALOGS = YES;
				MTL_ENABLE_DEBUG_INFO = NO;
				MTL_FAST_MATH = YES;
				SDKROOT = iphoneos;
				SWIFT_COMPILATION_MODE = wholemodule;
				VALIDATE_PRODUCT = YES;
			};
			name = Release;
		};
		782BD6302BD161AD00FE9D41 /* Debug */ = {
			isa = XCBuildConfiguration;
			buildSettings = {
				ASSETCATALOG_COMPILER_APPICON_NAME = AppIcon;
				ASSETCATALOG_COMPILER_GLOBAL_ACCENT_COLOR_NAME = AccentColor;
				CODE_SIGN_STYLE = Automatic;
				CURRENT_PROJECT_VERSION = 1;
				DEVELOPMENT_TEAM = WCTUNB2T49;
				GENERATE_INFOPLIST_FILE = YES;
				INFOPLIST_FILE = "simple-mvvmc-rx-api/Info.plist";
				INFOPLIST_KEY_UIApplicationSupportsIndirectInputEvents = YES;
				INFOPLIST_KEY_UILaunchStoryboardName = LaunchScreen;
				INFOPLIST_KEY_UISupportedInterfaceOrientations_iPad = "UIInterfaceOrientationPortrait UIInterfaceOrientationPortraitUpsideDown UIInterfaceOrientationLandscapeLeft UIInterfaceOrientationLandscapeRight";
				INFOPLIST_KEY_UISupportedInterfaceOrientations_iPhone = "UIInterfaceOrientationPortrait UIInterfaceOrientationLandscapeLeft UIInterfaceOrientationLandscapeRight";
				LD_RUNPATH_SEARCH_PATHS = (
					"$(inherited)",
					"@executable_path/Frameworks",
				);
				MARKETING_VERSION = 1.0;
				PRODUCT_BUNDLE_IDENTIFIER = "com.stevhen.simple-mvvmc-rx-api";
				PRODUCT_NAME = "$(TARGET_NAME)";
				SWIFT_EMIT_LOC_STRINGS = YES;
				SWIFT_VERSION = 5.0;
				TARGETED_DEVICE_FAMILY = "1,2";
			};
			name = Debug;
		};
		782BD6312BD161AD00FE9D41 /* Release */ = {
			isa = XCBuildConfiguration;
			buildSettings = {
				ASSETCATALOG_COMPILER_APPICON_NAME = AppIcon;
				ASSETCATALOG_COMPILER_GLOBAL_ACCENT_COLOR_NAME = AccentColor;
				CODE_SIGN_STYLE = Automatic;
				CURRENT_PROJECT_VERSION = 1;
				DEVELOPMENT_TEAM = WCTUNB2T49;
				GENERATE_INFOPLIST_FILE = YES;
				INFOPLIST_FILE = "simple-mvvmc-rx-api/Info.plist";
				INFOPLIST_KEY_UIApplicationSupportsIndirectInputEvents = YES;
				INFOPLIST_KEY_UILaunchStoryboardName = LaunchScreen;
				INFOPLIST_KEY_UISupportedInterfaceOrientations_iPad = "UIInterfaceOrientationPortrait UIInterfaceOrientationPortraitUpsideDown UIInterfaceOrientationLandscapeLeft UIInterfaceOrientationLandscapeRight";
				INFOPLIST_KEY_UISupportedInterfaceOrientations_iPhone = "UIInterfaceOrientationPortrait UIInterfaceOrientationLandscapeLeft UIInterfaceOrientationLandscapeRight";
				LD_RUNPATH_SEARCH_PATHS = (
					"$(inherited)",
					"@executable_path/Frameworks",
				);
				MARKETING_VERSION = 1.0;
				PRODUCT_BUNDLE_IDENTIFIER = "com.stevhen.simple-mvvmc-rx-api";
				PRODUCT_NAME = "$(TARGET_NAME)";
				SWIFT_EMIT_LOC_STRINGS = YES;
				SWIFT_VERSION = 5.0;
				TARGETED_DEVICE_FAMILY = "1,2";
			};
			name = Release;
		};
/* End XCBuildConfiguration section */

/* Begin XCConfigurationList section */
		7810D7892BD4C5A500CB873D /* Build configuration list for PBXNativeTarget "simple-mvvmc-rx-apiTests" */ = {
			isa = XCConfigurationList;
			buildConfigurations = (
				7810D78A2BD4C5A500CB873D /* Debug */,
				7810D78B2BD4C5A500CB873D /* Release */,
			);
			defaultConfigurationIsVisible = 0;
			defaultConfigurationName = Release;
		};
		782BD6162BD161AC00FE9D41 /* Build configuration list for PBXProject "simple-mvvmc-rx-api" */ = {
			isa = XCConfigurationList;
			buildConfigurations = (
				782BD62D2BD161AD00FE9D41 /* Debug */,
				782BD62E2BD161AD00FE9D41 /* Release */,
			);
			defaultConfigurationIsVisible = 0;
			defaultConfigurationName = Release;
		};
		782BD62F2BD161AD00FE9D41 /* Build configuration list for PBXNativeTarget "simple-mvvmc-rx-api" */ = {
			isa = XCConfigurationList;
			buildConfigurations = (
				782BD6302BD161AD00FE9D41 /* Debug */,
				782BD6312BD161AD00FE9D41 /* Release */,
			);
			defaultConfigurationIsVisible = 0;
			defaultConfigurationName = Release;
		};
/* End XCConfigurationList section */

/* Begin XCRemoteSwiftPackageReference section */
		7834AAC62BD63DD8006F6FA0 /* XCRemoteSwiftPackageReference "RxSwift" */ = {
			isa = XCRemoteSwiftPackageReference;
			repositoryURL = "https://github.com/ReactiveX/RxSwift";
			requirement = {
				kind = upToNextMajorVersion;
				minimumVersion = 6.7.0;
			};
		};
		7834AADB2BD63DF3006F6FA0 /* XCRemoteSwiftPackageReference "Swinject" */ = {
			isa = XCRemoteSwiftPackageReference;
			repositoryURL = "https://github.com/Swinject/Swinject";
			requirement = {
				kind = exactVersion;
				version = 2.8.6;
			};
		};
		7834AAE02BD63E09006F6FA0 /* XCRemoteSwiftPackageReference "Alamofire" */ = {
			isa = XCRemoteSwiftPackageReference;
			repositoryURL = "https://github.com/Alamofire/Alamofire";
			requirement = {
				kind = exactVersion;
				version = 5.9.1;
			};
		};
		7834AAE52BD63E1C006F6FA0 /* XCRemoteSwiftPackageReference "Quick" */ = {
			isa = XCRemoteSwiftPackageReference;
			repositoryURL = "https://github.com/Quick/Quick";
			requirement = {
				branch = main;
				kind = branch;
			};
		};
		7834AAE82BD63E29006F6FA0 /* XCRemoteSwiftPackageReference "Nimble" */ = {
			isa = XCRemoteSwiftPackageReference;
			repositoryURL = "https://github.com/Quick/Nimble";
			requirement = {
				branch = main;
				kind = branch;
			};
		};
/* End XCRemoteSwiftPackageReference section */

/* Begin XCSwiftPackageProductDependency section */
		7834AAC72BD63DD8006F6FA0 /* RxBlocking */ = {
			isa = XCSwiftPackageProductDependency;
			package = 7834AAC62BD63DD8006F6FA0 /* XCRemoteSwiftPackageReference "RxSwift" */;
			productName = RxBlocking;
		};
		7834AAC92BD63DD8006F6FA0 /* RxBlocking-Dynamic */ = {
			isa = XCSwiftPackageProductDependency;
			package = 7834AAC62BD63DD8006F6FA0 /* XCRemoteSwiftPackageReference "RxSwift" */;
			productName = "RxBlocking-Dynamic";
		};
		7834AACB2BD63DD8006F6FA0 /* RxCocoa */ = {
			isa = XCSwiftPackageProductDependency;
			package = 7834AAC62BD63DD8006F6FA0 /* XCRemoteSwiftPackageReference "RxSwift" */;
			productName = RxCocoa;
		};
		7834AACD2BD63DD8006F6FA0 /* RxCocoa-Dynamic */ = {
			isa = XCSwiftPackageProductDependency;
			package = 7834AAC62BD63DD8006F6FA0 /* XCRemoteSwiftPackageReference "RxSwift" */;
			productName = "RxCocoa-Dynamic";
		};
		7834AACF2BD63DD8006F6FA0 /* RxRelay */ = {
			isa = XCSwiftPackageProductDependency;
			package = 7834AAC62BD63DD8006F6FA0 /* XCRemoteSwiftPackageReference "RxSwift" */;
			productName = RxRelay;
		};
		7834AAD12BD63DD8006F6FA0 /* RxRelay-Dynamic */ = {
			isa = XCSwiftPackageProductDependency;
			package = 7834AAC62BD63DD8006F6FA0 /* XCRemoteSwiftPackageReference "RxSwift" */;
			productName = "RxRelay-Dynamic";
		};
		7834AAD32BD63DD8006F6FA0 /* RxSwift */ = {
			isa = XCSwiftPackageProductDependency;
			package = 7834AAC62BD63DD8006F6FA0 /* XCRemoteSwiftPackageReference "RxSwift" */;
			productName = RxSwift;
		};
		7834AAD52BD63DD8006F6FA0 /* RxSwift-Dynamic */ = {
			isa = XCSwiftPackageProductDependency;
			package = 7834AAC62BD63DD8006F6FA0 /* XCRemoteSwiftPackageReference "RxSwift" */;
			productName = "RxSwift-Dynamic";
		};
		7834AAD72BD63DD8006F6FA0 /* RxTest */ = {
			isa = XCSwiftPackageProductDependency;
			package = 7834AAC62BD63DD8006F6FA0 /* XCRemoteSwiftPackageReference "RxSwift" */;
			productName = RxTest;
		};
		7834AAD92BD63DD8006F6FA0 /* RxTest-Dynamic */ = {
			isa = XCSwiftPackageProductDependency;
			package = 7834AAC62BD63DD8006F6FA0 /* XCRemoteSwiftPackageReference "RxSwift" */;
			productName = "RxTest-Dynamic";
		};
		7834AADC2BD63DF3006F6FA0 /* Swinject */ = {
			isa = XCSwiftPackageProductDependency;
			package = 7834AADB2BD63DF3006F6FA0 /* XCRemoteSwiftPackageReference "Swinject" */;
			productName = Swinject;
		};
		7834AADE2BD63DF3006F6FA0 /* Swinject-Dynamic */ = {
			isa = XCSwiftPackageProductDependency;
			package = 7834AADB2BD63DF3006F6FA0 /* XCRemoteSwiftPackageReference "Swinject" */;
			productName = "Swinject-Dynamic";
		};
		7834AAE12BD63E09006F6FA0 /* Alamofire */ = {
			isa = XCSwiftPackageProductDependency;
			package = 7834AAE02BD63E09006F6FA0 /* XCRemoteSwiftPackageReference "Alamofire" */;
			productName = Alamofire;
		};
		7834AAE32BD63E09006F6FA0 /* AlamofireDynamic */ = {
			isa = XCSwiftPackageProductDependency;
			package = 7834AAE02BD63E09006F6FA0 /* XCRemoteSwiftPackageReference "Alamofire" */;
			productName = AlamofireDynamic;
		};
		7834AAE62BD63E1C006F6FA0 /* Quick */ = {
			isa = XCSwiftPackageProductDependency;
			package = 7834AAE52BD63E1C006F6FA0 /* XCRemoteSwiftPackageReference "Quick" */;
			productName = Quick;
		};
		7834AAE92BD63E29006F6FA0 /* Nimble */ = {
			isa = XCSwiftPackageProductDependency;
			package = 7834AAE82BD63E29006F6FA0 /* XCRemoteSwiftPackageReference "Nimble" */;
			productName = Nimble;
		};
/* End XCSwiftPackageProductDependency section */
	};
	rootObject = 782BD6132BD161AC00FE9D41 /* Project object */;
}
